// !$*UTF8*$!
{
	archiveVersion = 1;
	classes = {
	};
	objectVersion = 50;
	objects = {

/* Begin PBXBuildFile section */
		2C196C6124852E4E00FE8B50 /* AppDelegate.swift in Sources */ = {isa = PBXBuildFile; fileRef = 2C196C6024852E4E00FE8B50 /* AppDelegate.swift */; };
		2C196C6324852E4E00FE8B50 /* SceneDelegate.swift in Sources */ = {isa = PBXBuildFile; fileRef = 2C196C6224852E4E00FE8B50 /* SceneDelegate.swift */; };
		2C196C6524852E4E00FE8B50 /* ColorViewController.swift in Sources */ = {isa = PBXBuildFile; fileRef = 2C196C6424852E4E00FE8B50 /* ColorViewController.swift */; };
		2C196C6824852E4E00FE8B50 /* Main.storyboard in Resources */ = {isa = PBXBuildFile; fileRef = 2C196C6624852E4E00FE8B50 /* Main.storyboard */; };
		2C196C6A24852E4F00FE8B50 /* Assets.xcassets in Resources */ = {isa = PBXBuildFile; fileRef = 2C196C6924852E4F00FE8B50 /* Assets.xcassets */; };
		2C196C6D24852E4F00FE8B50 /* LaunchScreen.storyboard in Resources */ = {isa = PBXBuildFile; fileRef = 2C196C6B24852E4F00FE8B50 /* LaunchScreen.storyboard */; };
		2C196C7724853DB600FE8B50 /* MediaViewController.swift in Sources */ = {isa = PBXBuildFile; fileRef = 2C196C7624853DB600FE8B50 /* MediaViewController.swift */; };
		2C196C7A2485D08900FE8B50 /* Default-568h@2x.png in Resources */ = {isa = PBXBuildFile; fileRef = 2C196C792485D08900FE8B50 /* Default-568h@2x.png */; };
		2C196C7C2486425F00FE8B50 /* FoodViewController.swift in Sources */ = {isa = PBXBuildFile; fileRef = 2C196C7B2486425F00FE8B50 /* FoodViewController.swift */; };
		2C2A136A2488EA6200D754CD /* steak.jpg in Resources */ = {isa = PBXBuildFile; fileRef = 2C2A13692488EA6200D754CD /* steak.jpg */; };
		2C2A136C2488FD9100D754CD /* 유머 있는.png in Resources */ = {isa = PBXBuildFile; fileRef = 2C2A136B2488FD9100D754CD /* 유머 있는.png */; };
		2C2A13732488FFF300D754CD /* 리듬감 있는.png in Resources */ = {isa = PBXBuildFile; fileRef = 2C2A136D2488FFF200D754CD /* 리듬감 있는.png */; };
		2C2A13742488FFF300D754CD /* 환상적인.png in Resources */ = {isa = PBXBuildFile; fileRef = 2C2A136E2488FFF200D754CD /* 환상적인.png */; };
		2C2A13752488FFF300D754CD /* 경쟁 하는.png in Resources */ = {isa = PBXBuildFile; fileRef = 2C2A136F2488FFF300D754CD /* 경쟁 하는.png */; };
		2C2A13762488FFF300D754CD /* 학살 하는.png in Resources */ = {isa = PBXBuildFile; fileRef = 2C2A13702488FFF300D754CD /* 학살 하는.png */; };
		2C2A13772488FFF300D754CD /* 사랑스러운.png in Resources */ = {isa = PBXBuildFile; fileRef = 2C2A13712488FFF300D754CD /* 사랑스러운.png */; };
		2C2A13782488FFF300D754CD /* 소름 돋는.png in Resources */ = {isa = PBXBuildFile; fileRef = 2C2A13722488FFF300D754CD /* 소름 돋는.png */; };
		2C2A138324892A5600D754CD /* 답답한.png in Resources */ = {isa = PBXBuildFile; fileRef = 2C2A137924892A5400D754CD /* 답답한.png */; };
		2C2A138524892A5600D754CD /* 가정적인.png in Resources */ = {isa = PBXBuildFile; fileRef = 2C2A137B24892A5500D754CD /* 가정적인.png */; };
		2C2A138624892A5600D754CD /* 경제적인.png in Resources */ = {isa = PBXBuildFile; fileRef = 2C2A137C24892A5500D754CD /* 경제적인.png */; };
		2C2A138724892A5600D754CD /* 피해를 주는.png in Resources */ = {isa = PBXBuildFile; fileRef = 2C2A137D24892A5500D754CD /* 피해를 주는.png */; };
		2C2A138824892A5600D754CD /* 내공이 뛰어난.png in Resources */ = {isa = PBXBuildFile; fileRef = 2C2A137E24892A5500D754CD /* 내공이 뛰어난.png */; };
		2C2A138924892A5600D754CD /* 무시무시한.png in Resources */ = {isa = PBXBuildFile; fileRef = 2C2A137F24892A5500D754CD /* 무시무시한.png */; };
		2C2A138A24892A5600D754CD /* 역사적인.png in Resources */ = {isa = PBXBuildFile; fileRef = 2C2A138024892A5600D754CD /* 역사적인.png */; };
		2C2A138B24892A5600D754CD /* 흰 가운을 입은.png in Resources */ = {isa = PBXBuildFile; fileRef = 2C2A138124892A5600D754CD /* 흰 가운을 입은.png */; };
		2C2A138C24892A5600D754CD /* 알고싶은.png in Resources */ = {isa = PBXBuildFile; fileRef = 2C2A138224892A5600D754CD /* 알고싶은.png */; };
		2C2E09852488836D008B7BA1 /* chicken.jpg in Resources */ = {isa = PBXBuildFile; fileRef = 2C2E096F2488836C008B7BA1 /* chicken.jpg */; };
		2C2E09862488836D008B7BA1 /* music.jpg in Resources */ = {isa = PBXBuildFile; fileRef = 2C2E09722488836C008B7BA1 /* music.jpg */; };
		2C2E09872488836D008B7BA1 /* 최첨단.png in Resources */ = {isa = PBXBuildFile; fileRef = 2C2E09742488836C008B7BA1 /* 최첨단.png */; };
		2C2E09882488836D008B7BA1 /* Movie.jpg in Resources */ = {isa = PBXBuildFile; fileRef = 2C2E09752488836C008B7BA1 /* Movie.jpg */; };
		2C2E09892488836D008B7BA1 /* 역동적인.png in Resources */ = {isa = PBXBuildFile; fileRef = 2C2E09762488836C008B7BA1 /* 역동적인.png */; };
		2C2E098B2488836D008B7BA1 /* entertainment.jpg in Resources */ = {isa = PBXBuildFile; fileRef = 2C2E097A2488836C008B7BA1 /* entertainment.jpg */; };
		2C2E098C2488836D008B7BA1 /* game.jpg in Resources */ = {isa = PBXBuildFile; fileRef = 2C2E097C2488836C008B7BA1 /* game.jpg */; };
		2C2E098D2488836D008B7BA1 /* sports.jpg in Resources */ = {isa = PBXBuildFile; fileRef = 2C2E097E2488836C008B7BA1 /* sports.jpg */; };
		2C2E098E2488836D008B7BA1 /* pet.jpg in Resources */ = {isa = PBXBuildFile; fileRef = 2C2E09802488836C008B7BA1 /* pet.jpg */; };
		2C2E098F2488836D008B7BA1 /* news.jpg in Resources */ = {isa = PBXBuildFile; fileRef = 2C2E09822488836C008B7BA1 /* news.jpg */; };
		2C2E09902488836D008B7BA1 /* drama.jpg in Resources */ = {isa = PBXBuildFile; fileRef = 2C2E09842488836C008B7BA1 /* drama.jpg */; };
		2C37E9D62489C8A50001F4BD /* 싸움잘하는.jpg in Resources */ = {isa = PBXBuildFile; fileRef = 2C37E9CC2489C8A40001F4BD /* 싸움잘하는.jpg */; };
		2C37E9D72489C8A50001F4BD /* 넓은.jpg in Resources */ = {isa = PBXBuildFile; fileRef = 2C37E9CD2489C8A40001F4BD /* 넓은.jpg */; };
		2C37E9D82489C8A50001F4BD /* 우산쓰는.jpg in Resources */ = {isa = PBXBuildFile; fileRef = 2C37E9CE2489C8A40001F4BD /* 우산쓰는.jpg */; };
		2C37E9D92489C8A50001F4BD /* 활동적인.jpg in Resources */ = {isa = PBXBuildFile; fileRef = 2C37E9CF2489C8A40001F4BD /* 활동적인.jpg */; };
		2C37E9DA2489C8A50001F4BD /* 화려한.jpg in Resources */ = {isa = PBXBuildFile; fileRef = 2C37E9D02489C8A40001F4BD /* 화려한.jpg */; };
		2C37E9DB2489C8A50001F4BD /* 신기한.jpg in Resources */ = {isa = PBXBuildFile; fileRef = 2C37E9D12489C8A40001F4BD /* 신기한.jpg */; };
		2C37E9DC2489C8A50001F4BD /* 생활력강한.jpg in Resources */ = {isa = PBXBuildFile; fileRef = 2C37E9D22489C8A40001F4BD /* 생활력강한.jpg */; };
		2C37E9DD2489C8A50001F4BD /* 사회적인.jpg in Resources */ = {isa = PBXBuildFile; fileRef = 2C37E9D32489C8A40001F4BD /* 사회적인.jpg */; };
		2C37E9DE2489C8A50001F4BD /* 부자가되고싶은.jpg in Resources */ = {isa = PBXBuildFile; fileRef = 2C37E9D42489C8A40001F4BD /* 부자가되고싶은.jpg */; };
		2C37E9DF2489C8A50001F4BD /* 트랜디한.jpg in Resources */ = {isa = PBXBuildFile; fileRef = 2C37E9D52489C8A50001F4BD /* 트랜디한.jpg */; };
		2C37E9E82489C8E10001F4BD /* 쿠션넣는.jpg in Resources */ = {isa = PBXBuildFile; fileRef = 2C37E9E02489C8E00001F4BD /* 쿠션넣는.jpg */; };
		2C37E9E92489C8E10001F4BD /* 스핀넣는.jpg in Resources */ = {isa = PBXBuildFile; fileRef = 2C37E9E12489C8E00001F4BD /* 스핀넣는.jpg */; };
		2C37E9EA2489C8E10001F4BD /* 치고받는.jpg in Resources */ = {isa = PBXBuildFile; fileRef = 2C37E9E22489C8E00001F4BD /* 치고받는.jpg */; };
		2C37E9EB2489C8E10001F4BD /* 스파이크하는.jpg in Resources */ = {isa = PBXBuildFile; fileRef = 2C37E9E32489C8E00001F4BD /* 스파이크하는.jpg */; };
		2C37E9EC2489C8E10001F4BD /* 퍼팅하는.jpg in Resources */ = {isa = PBXBuildFile; fileRef = 2C37E9E42489C8E00001F4BD /* 퍼팅하는.jpg */; };
		2C37E9ED2489C8E10001F4BD /* 스매싱하는.jpg in Resources */ = {isa = PBXBuildFile; fileRef = 2C37E9E52489C8E10001F4BD /* 스매싱하는.jpg */; };
		2C37E9EE2489C8E10001F4BD /* 홈런치는.jpg in Resources */ = {isa = PBXBuildFile; fileRef = 2C37E9E62489C8E10001F4BD /* 홈런치는.jpg */; };
		2C37E9EF2489C8E10001F4BD /* 엣지넣는.jpg in Resources */ = {isa = PBXBuildFile; fileRef = 2C37E9E72489C8E10001F4BD /* 엣지넣는.jpg */; };
		2C37E9F12489C8F00001F4BD /* 공좀차는.jpg in Resources */ = {isa = PBXBuildFile; fileRef = 2C37E9F02489C8F00001F4BD /* 공좀차는.jpg */; };
		2C37E9FB2489CA2A0001F4BD /* 협곡에 사는.png in Resources */ = {isa = PBXBuildFile; fileRef = 2C37E9F22489CA290001F4BD /* 협곡에 사는.png */; };
		2C37E9FC2489CA2A0001F4BD /* 분주한.png in Resources */ = {isa = PBXBuildFile; fileRef = 2C37E9F32489CA290001F4BD /* 분주한.png */; };
		2C37E9FD2489CA2A0001F4BD /* 레이드 뛰러가는.png in Resources */ = {isa = PBXBuildFile; fileRef = 2C37E9F42489CA290001F4BD /* 레이드 뛰러가는.png */; };
		2C37E9FE2489CA2A0001F4BD /* 손가락으로 공 차는.png in Resources */ = {isa = PBXBuildFile; fileRef = 2C37E9F52489CA290001F4BD /* 손가락으로 공 차는.png */; };
		2C37E9FF2489CA2A0001F4BD /* 상납하는.png in Resources */ = {isa = PBXBuildFile; fileRef = 2C37E9F62489CA290001F4BD /* 상납하는.png */; };
		2C37EA002489CA2A0001F4BD /* 총 비슷한 거 쏘는.png in Resources */ = {isa = PBXBuildFile; fileRef = 2C37E9F72489CA290001F4BD /* 총 비슷한 거 쏘는.png */; };
		2C37EA012489CA2A0001F4BD /* 인디한.png in Resources */ = {isa = PBXBuildFile; fileRef = 2C37E9F82489CA290001F4BD /* 인디한.png */; };
		2C37EA022489CA2A0001F4BD /* 총 좀 쏘는.png in Resources */ = {isa = PBXBuildFile; fileRef = 2C37E9F92489CA2A0001F4BD /* 총 좀 쏘는.png */; };
		2C37EA032489CA2A0001F4BD /* 총 줏어 쏘는.png in Resources */ = {isa = PBXBuildFile; fileRef = 2C37E9FA2489CA2A0001F4BD /* 총 줏어 쏘는.png */; };
		2C37EA0D2489CA4E0001F4BD /* 작은.png in Resources */ = {isa = PBXBuildFile; fileRef = 2C37EA042489CA4D0001F4BD /* 작은.png */; };
		2C37EA0E2489CA4E0001F4BD /* 헥헥대는.png in Resources */ = {isa = PBXBuildFile; fileRef = 2C37EA052489CA4D0001F4BD /* 헥헥대는.png */; };
		2C37EA0F2489CA4E0001F4BD /* 도도한.png in Resources */ = {isa = PBXBuildFile; fileRef = 2C37EA062489CA4D0001F4BD /* 도도한.png */; };
		2C37EA102489CA4E0001F4BD /* 헤엄치는.png in Resources */ = {isa = PBXBuildFile; fileRef = 2C37EA072489CA4D0001F4BD /* 헤엄치는.png */; };
		2C37EA112489CA4E0001F4BD /* 지저귀는.png in Resources */ = {isa = PBXBuildFile; fileRef = 2C37EA082489CA4D0001F4BD /* 지저귀는.png */; };
		2C37EA122489CA4E0001F4BD /* 느릿느릿한.png in Resources */ = {isa = PBXBuildFile; fileRef = 2C37EA092489CA4D0001F4BD /* 느릿느릿한.png */; };
		2C37EA132489CA4E0001F4BD /* 기어다니는.png in Resources */ = {isa = PBXBuildFile; fileRef = 2C37EA0A2489CA4D0001F4BD /* 기어다니는.png */; };
		2C37EA142489CA4E0001F4BD /* 간이 배 밖으로 나온.png in Resources */ = {isa = PBXBuildFile; fileRef = 2C37EA0B2489CA4D0001F4BD /* 간이 배 밖으로 나온.png */; };
		2C37EA152489CA4E0001F4BD /* 통실통실한.png in Resources */ = {isa = PBXBuildFile; fileRef = 2C37EA0C2489CA4E0001F4BD /* 통실통실한.png */; };
		2CC7B27D24877E0900BFC182 /* MediaThemeViewController.swift in Sources */ = {isa = PBXBuildFile; fileRef = 2CC7B27C24877E0900BFC182 /* MediaThemeViewController.swift */; };
		2CC7B27F2487800300BFC182 /* ThemViewController.swift in Sources */ = {isa = PBXBuildFile; fileRef = 2CC7B27E2487800300BFC182 /* ThemViewController.swift */; };
/* End PBXBuildFile section */

/* Begin PBXFileReference section */
		2C196C5D24852E4E00FE8B50 /* UITest.app */ = {isa = PBXFileReference; explicitFileType = wrapper.application; includeInIndex = 0; path = UITest.app; sourceTree = BUILT_PRODUCTS_DIR; };
		2C196C6024852E4E00FE8B50 /* AppDelegate.swift */ = {isa = PBXFileReference; lastKnownFileType = sourcecode.swift; path = AppDelegate.swift; sourceTree = "<group>"; };
		2C196C6224852E4E00FE8B50 /* SceneDelegate.swift */ = {isa = PBXFileReference; lastKnownFileType = sourcecode.swift; path = SceneDelegate.swift; sourceTree = "<group>"; };
		2C196C6424852E4E00FE8B50 /* ColorViewController.swift */ = {isa = PBXFileReference; lastKnownFileType = sourcecode.swift; path = ColorViewController.swift; sourceTree = "<group>"; };
		2C196C6724852E4E00FE8B50 /* Base */ = {isa = PBXFileReference; lastKnownFileType = file.storyboard; name = Base; path = Base.lproj/Main.storyboard; sourceTree = "<group>"; };
		2C196C6924852E4F00FE8B50 /* Assets.xcassets */ = {isa = PBXFileReference; lastKnownFileType = folder.assetcatalog; path = Assets.xcassets; sourceTree = "<group>"; };
		2C196C6C24852E4F00FE8B50 /* Base */ = {isa = PBXFileReference; lastKnownFileType = file.storyboard; name = Base; path = Base.lproj/LaunchScreen.storyboard; sourceTree = "<group>"; };
		2C196C6E24852E4F00FE8B50 /* Info.plist */ = {isa = PBXFileReference; lastKnownFileType = text.plist.xml; path = Info.plist; sourceTree = "<group>"; };
		2C196C7624853DB600FE8B50 /* MediaViewController.swift */ = {isa = PBXFileReference; lastKnownFileType = sourcecode.swift; path = MediaViewController.swift; sourceTree = "<group>"; };
		2C196C792485D08900FE8B50 /* Default-568h@2x.png */ = {isa = PBXFileReference; lastKnownFileType = image.png; path = "Default-568h@2x.png"; sourceTree = "<group>"; };
		2C196C7B2486425F00FE8B50 /* FoodViewController.swift */ = {isa = PBXFileReference; lastKnownFileType = sourcecode.swift; path = FoodViewController.swift; sourceTree = "<group>"; };
		2C2A13692488EA6200D754CD /* steak.jpg */ = {isa = PBXFileReference; lastKnownFileType = image.jpeg; path = steak.jpg; sourceTree = "<group>"; };
		2C2A136B2488FD9100D754CD /* 유머 있는.png */ = {isa = PBXFileReference; lastKnownFileType = image.png; path = "유머 있는.png"; sourceTree = "<group>"; };
		2C2A136D2488FFF200D754CD /* 리듬감 있는.png */ = {isa = PBXFileReference; lastKnownFileType = image.png; path = "리듬감 있는.png"; sourceTree = "<group>"; };
		2C2A136E2488FFF200D754CD /* 환상적인.png */ = {isa = PBXFileReference; lastKnownFileType = image.png; path = "환상적인.png"; sourceTree = "<group>"; };
		2C2A136F2488FFF300D754CD /* 경쟁 하는.png */ = {isa = PBXFileReference; lastKnownFileType = image.png; path = "경쟁 하는.png"; sourceTree = "<group>"; };
		2C2A13702488FFF300D754CD /* 학살 하는.png */ = {isa = PBXFileReference; lastKnownFileType = image.png; path = "학살 하는.png"; sourceTree = "<group>"; };
		2C2A13712488FFF300D754CD /* 사랑스러운.png */ = {isa = PBXFileReference; lastKnownFileType = image.png; path = "사랑스러운.png"; sourceTree = "<group>"; };
		2C2A13722488FFF300D754CD /* 소름 돋는.png */ = {isa = PBXFileReference; lastKnownFileType = image.png; path = "소름 돋는.png"; sourceTree = "<group>"; };
		2C2A137924892A5400D754CD /* 답답한.png */ = {isa = PBXFileReference; lastKnownFileType = image.png; path = "답답한.png"; sourceTree = "<group>"; };
		2C2A137B24892A5500D754CD /* 가정적인.png */ = {isa = PBXFileReference; lastKnownFileType = image.png; path = "가정적인.png"; sourceTree = "<group>"; };
		2C2A137C24892A5500D754CD /* 경제적인.png */ = {isa = PBXFileReference; lastKnownFileType = image.png; path = "경제적인.png"; sourceTree = "<group>"; };
		2C2A137D24892A5500D754CD /* 피해를 주는.png */ = {isa = PBXFileReference; lastKnownFileType = image.png; path = "피해를 주는.png"; sourceTree = "<group>"; };
		2C2A137E24892A5500D754CD /* 내공이 뛰어난.png */ = {isa = PBXFileReference; lastKnownFileType = image.png; path = "내공이 뛰어난.png"; sourceTree = "<group>"; };
		2C2A137F24892A5500D754CD /* 무시무시한.png */ = {isa = PBXFileReference; lastKnownFileType = image.png; path = "무시무시한.png"; sourceTree = "<group>"; };
		2C2A138024892A5600D754CD /* 역사적인.png */ = {isa = PBXFileReference; lastKnownFileType = image.png; path = "역사적인.png"; sourceTree = "<group>"; };
		2C2A138124892A5600D754CD /* 흰 가운을 입은.png */ = {isa = PBXFileReference; lastKnownFileType = image.png; path = "흰 가운을 입은.png"; sourceTree = "<group>"; };
		2C2A138224892A5600D754CD /* 알고싶은.png */ = {isa = PBXFileReference; lastKnownFileType = image.png; path = "알고싶은.png"; sourceTree = "<group>"; };
		2C2E096F2488836C008B7BA1 /* chicken.jpg */ = {isa = PBXFileReference; lastKnownFileType = image.jpeg; path = chicken.jpg; sourceTree = "<group>"; };
		2C2E09722488836C008B7BA1 /* music.jpg */ = {isa = PBXFileReference; lastKnownFileType = image.jpeg; path = music.jpg; sourceTree = "<group>"; };
		2C2E09742488836C008B7BA1 /* 최첨단.png */ = {isa = PBXFileReference; lastKnownFileType = image.png; path = "최첨단.png"; sourceTree = "<group>"; };
		2C2E09752488836C008B7BA1 /* Movie.jpg */ = {isa = PBXFileReference; lastKnownFileType = image.jpeg; path = Movie.jpg; sourceTree = "<group>"; };
		2C2E09762488836C008B7BA1 /* 역동적인.png */ = {isa = PBXFileReference; lastKnownFileType = image.png; path = "역동적인.png"; sourceTree = "<group>"; };
		2C2E097A2488836C008B7BA1 /* entertainment.jpg */ = {isa = PBXFileReference; lastKnownFileType = image.jpeg; path = entertainment.jpg; sourceTree = "<group>"; };
		2C2E097C2488836C008B7BA1 /* game.jpg */ = {isa = PBXFileReference; lastKnownFileType = image.jpeg; path = game.jpg; sourceTree = "<group>"; };
		2C2E097E2488836C008B7BA1 /* sports.jpg */ = {isa = PBXFileReference; lastKnownFileType = image.jpeg; path = sports.jpg; sourceTree = "<group>"; };
		2C2E09802488836C008B7BA1 /* pet.jpg */ = {isa = PBXFileReference; lastKnownFileType = image.jpeg; path = pet.jpg; sourceTree = "<group>"; };
		2C2E09822488836C008B7BA1 /* news.jpg */ = {isa = PBXFileReference; lastKnownFileType = image.jpeg; path = news.jpg; sourceTree = "<group>"; };
		2C2E09842488836C008B7BA1 /* drama.jpg */ = {isa = PBXFileReference; lastKnownFileType = image.jpeg; path = drama.jpg; sourceTree = "<group>"; };
		2C37E9CC2489C8A40001F4BD /* 싸움잘하는.jpg */ = {isa = PBXFileReference; lastKnownFileType = image.jpeg; name = "싸움잘하는.jpg"; path = "../../../../../pictures/뉴스/싸움잘하는.jpg"; sourceTree = "<group>"; };
		2C37E9CD2489C8A40001F4BD /* 넓은.jpg */ = {isa = PBXFileReference; lastKnownFileType = image.jpeg; name = "넓은.jpg"; path = "../../../../../pictures/뉴스/넓은.jpg"; sourceTree = "<group>"; };
		2C37E9CE2489C8A40001F4BD /* 우산쓰는.jpg */ = {isa = PBXFileReference; lastKnownFileType = image.jpeg; name = "우산쓰는.jpg"; path = "../../../../../pictures/뉴스/우산쓰는.jpg"; sourceTree = "<group>"; };
		2C37E9CF2489C8A40001F4BD /* 활동적인.jpg */ = {isa = PBXFileReference; lastKnownFileType = image.jpeg; name = "활동적인.jpg"; path = "../../../../../pictures/뉴스/활동적인.jpg"; sourceTree = "<group>"; };
		2C37E9D02489C8A40001F4BD /* 화려한.jpg */ = {isa = PBXFileReference; lastKnownFileType = image.jpeg; name = "화려한.jpg"; path = "../../../../../pictures/뉴스/화려한.jpg"; sourceTree = "<group>"; };
		2C37E9D12489C8A40001F4BD /* 신기한.jpg */ = {isa = PBXFileReference; lastKnownFileType = image.jpeg; name = "신기한.jpg"; path = "../../../../../pictures/뉴스/신기한.jpg"; sourceTree = "<group>"; };
		2C37E9D22489C8A40001F4BD /* 생활력강한.jpg */ = {isa = PBXFileReference; lastKnownFileType = image.jpeg; name = "생활력강한.jpg"; path = "../../../../../pictures/뉴스/생활력강한.jpg"; sourceTree = "<group>"; };
		2C37E9D32489C8A40001F4BD /* 사회적인.jpg */ = {isa = PBXFileReference; lastKnownFileType = image.jpeg; name = "사회적인.jpg"; path = "../../../../../pictures/뉴스/사회적인.jpg"; sourceTree = "<group>"; };
		2C37E9D42489C8A40001F4BD /* 부자가되고싶은.jpg */ = {isa = PBXFileReference; lastKnownFileType = image.jpeg; name = "부자가되고싶은.jpg"; path = "../../../../../pictures/뉴스/부자가되고싶은.jpg"; sourceTree = "<group>"; };
		2C37E9D52489C8A50001F4BD /* 트랜디한.jpg */ = {isa = PBXFileReference; lastKnownFileType = image.jpeg; name = "트랜디한.jpg"; path = "../../../../../pictures/뉴스/트랜디한.jpg"; sourceTree = "<group>"; };
		2C37E9E02489C8E00001F4BD /* 쿠션넣는.jpg */ = {isa = PBXFileReference; lastKnownFileType = image.jpeg; name = "쿠션넣는.jpg"; path = "../../../../../pictures/스포츠/쿠션넣는.jpg"; sourceTree = "<group>"; };
		2C37E9E12489C8E00001F4BD /* 스핀넣는.jpg */ = {isa = PBXFileReference; lastKnownFileType = image.jpeg; name = "스핀넣는.jpg"; path = "../../../../../pictures/스포츠/스핀넣는.jpg"; sourceTree = "<group>"; };
		2C37E9E22489C8E00001F4BD /* 치고받는.jpg */ = {isa = PBXFileReference; lastKnownFileType = image.jpeg; name = "치고받는.jpg"; path = "../../../../../pictures/스포츠/치고받는.jpg"; sourceTree = "<group>"; };
		2C37E9E32489C8E00001F4BD /* 스파이크하는.jpg */ = {isa = PBXFileReference; lastKnownFileType = image.jpeg; name = "스파이크하는.jpg"; path = "../../../../../pictures/스포츠/스파이크하는.jpg"; sourceTree = "<group>"; };
		2C37E9E42489C8E00001F4BD /* 퍼팅하는.jpg */ = {isa = PBXFileReference; lastKnownFileType = image.jpeg; name = "퍼팅하는.jpg"; path = "../../../../../pictures/스포츠/퍼팅하는.jpg"; sourceTree = "<group>"; };
		2C37E9E52489C8E10001F4BD /* 스매싱하는.jpg */ = {isa = PBXFileReference; lastKnownFileType = image.jpeg; name = "스매싱하는.jpg"; path = "../../../../../pictures/스포츠/스매싱하는.jpg"; sourceTree = "<group>"; };
		2C37E9E62489C8E10001F4BD /* 홈런치는.jpg */ = {isa = PBXFileReference; lastKnownFileType = image.jpeg; name = "홈런치는.jpg"; path = "../../../../../pictures/스포츠/홈런치는.jpg"; sourceTree = "<group>"; };
		2C37E9E72489C8E10001F4BD /* 엣지넣는.jpg */ = {isa = PBXFileReference; lastKnownFileType = image.jpeg; name = "엣지넣는.jpg"; path = "../../../../../pictures/스포츠/엣지넣는.jpg"; sourceTree = "<group>"; };
		2C37E9F02489C8F00001F4BD /* 공좀차는.jpg */ = {isa = PBXFileReference; lastKnownFileType = image.jpeg; name = "공좀차는.jpg"; path = "../../../../../pictures/스포츠/공좀차는.jpg"; sourceTree = "<group>"; };
		2C37E9F22489CA290001F4BD /* 협곡에 사는.png */ = {isa = PBXFileReference; lastKnownFileType = image.png; path = "협곡에 사는.png"; sourceTree = "<group>"; };
		2C37E9F32489CA290001F4BD /* 분주한.png */ = {isa = PBXFileReference; lastKnownFileType = image.png; path = "분주한.png"; sourceTree = "<group>"; };
		2C37E9F42489CA290001F4BD /* 레이드 뛰러가는.png */ = {isa = PBXFileReference; lastKnownFileType = image.png; path = "레이드 뛰러가는.png"; sourceTree = "<group>"; };
		2C37E9F52489CA290001F4BD /* 손가락으로 공 차는.png */ = {isa = PBXFileReference; lastKnownFileType = image.png; path = "손가락으로 공 차는.png"; sourceTree = "<group>"; };
		2C37E9F62489CA290001F4BD /* 상납하는.png */ = {isa = PBXFileReference; lastKnownFileType = image.png; path = "상납하는.png"; sourceTree = "<group>"; };
		2C37E9F72489CA290001F4BD /* 총 비슷한 거 쏘는.png */ = {isa = PBXFileReference; lastKnownFileType = image.png; path = "총 비슷한 거 쏘는.png"; sourceTree = "<group>"; };
		2C37E9F82489CA290001F4BD /* 인디한.png */ = {isa = PBXFileReference; lastKnownFileType = image.png; path = "인디한.png"; sourceTree = "<group>"; };
		2C37E9F92489CA2A0001F4BD /* 총 좀 쏘는.png */ = {isa = PBXFileReference; lastKnownFileType = image.png; path = "총 좀 쏘는.png"; sourceTree = "<group>"; };
		2C37E9FA2489CA2A0001F4BD /* 총 줏어 쏘는.png */ = {isa = PBXFileReference; lastKnownFileType = image.png; path = "총 줏어 쏘는.png"; sourceTree = "<group>"; };
		2C37EA042489CA4D0001F4BD /* 작은.png */ = {isa = PBXFileReference; lastKnownFileType = image.png; path = "작은.png"; sourceTree = "<group>"; };
		2C37EA052489CA4D0001F4BD /* 헥헥대는.png */ = {isa = PBXFileReference; lastKnownFileType = image.png; path = "헥헥대는.png"; sourceTree = "<group>"; };
		2C37EA062489CA4D0001F4BD /* 도도한.png */ = {isa = PBXFileReference; lastKnownFileType = image.png; path = "도도한.png"; sourceTree = "<group>"; };
		2C37EA072489CA4D0001F4BD /* 헤엄치는.png */ = {isa = PBXFileReference; lastKnownFileType = image.png; path = "헤엄치는.png"; sourceTree = "<group>"; };
		2C37EA082489CA4D0001F4BD /* 지저귀는.png */ = {isa = PBXFileReference; lastKnownFileType = image.png; path = "지저귀는.png"; sourceTree = "<group>"; };
		2C37EA092489CA4D0001F4BD /* 느릿느릿한.png */ = {isa = PBXFileReference; lastKnownFileType = image.png; path = "느릿느릿한.png"; sourceTree = "<group>"; };
		2C37EA0A2489CA4D0001F4BD /* 기어다니는.png */ = {isa = PBXFileReference; lastKnownFileType = image.png; path = "기어다니는.png"; sourceTree = "<group>"; };
		2C37EA0B2489CA4D0001F4BD /* 간이 배 밖으로 나온.png */ = {isa = PBXFileReference; lastKnownFileType = image.png; path = "간이 배 밖으로 나온.png"; sourceTree = "<group>"; };
		2C37EA0C2489CA4E0001F4BD /* 통실통실한.png */ = {isa = PBXFileReference; lastKnownFileType = image.png; path = "통실통실한.png"; sourceTree = "<group>"; };
		2CC7B27C24877E0900BFC182 /* MediaThemeViewController.swift */ = {isa = PBXFileReference; lastKnownFileType = sourcecode.swift; path = MediaThemeViewController.swift; sourceTree = "<group>"; };
		2CC7B27E2487800300BFC182 /* ThemViewController.swift */ = {isa = PBXFileReference; lastKnownFileType = sourcecode.swift; path = ThemViewController.swift; sourceTree = "<group>"; };
/* End PBXFileReference section */

/* Begin PBXFrameworksBuildPhase section */
		2C196C5A24852E4E00FE8B50 /* Frameworks */ = {
			isa = PBXFrameworksBuildPhase;
			buildActionMask = 2147483647;
			files = (
			);
			runOnlyForDeploymentPostprocessing = 0;
		};
/* End PBXFrameworksBuildPhase section */

/* Begin PBXGroup section */
		2C196C5424852E4E00FE8B50 = {
			isa = PBXGroup;
			children = (
				2C196C792485D08900FE8B50 /* Default-568h@2x.png */,
				2C196C5F24852E4E00FE8B50 /* UITest */,
				2C196C5E24852E4E00FE8B50 /* Products */,
			);
			sourceTree = "<group>";
		};
		2C196C5E24852E4E00FE8B50 /* Products */ = {
			isa = PBXGroup;
			children = (
				2C196C5D24852E4E00FE8B50 /* UITest.app */,
			);
			name = Products;
			sourceTree = "<group>";
		};
		2C196C5F24852E4E00FE8B50 /* UITest */ = {
			isa = PBXGroup;
			children = (
				2C196C782485CFDE00FE8B50 /* Support */,
				2C196C6424852E4E00FE8B50 /* ColorViewController.swift */,
				2C196C6624852E4E00FE8B50 /* Main.storyboard */,
				2C196C7624853DB600FE8B50 /* MediaViewController.swift */,
				2CC7B27C24877E0900BFC182 /* MediaThemeViewController.swift */,
				2C196C7B2486425F00FE8B50 /* FoodViewController.swift */,
				2C196C6924852E4F00FE8B50 /* Assets.xcassets */,
				2C2E096D2488836C008B7BA1 /* image */,
				2CC7B27E2487800300BFC182 /* ThemViewController.swift */,
				2C196C6E24852E4F00FE8B50 /* Info.plist */,
			);
			path = UITest;
			sourceTree = "<group>";
		};
		2C196C782485CFDE00FE8B50 /* Support */ = {
			isa = PBXGroup;
			children = (
				2C196C6024852E4E00FE8B50 /* AppDelegate.swift */,
				2C196C6224852E4E00FE8B50 /* SceneDelegate.swift */,
				2C196C6B24852E4F00FE8B50 /* LaunchScreen.storyboard */,
			);
			path = Support;
			sourceTree = "<group>";
		};
		2C2E096D2488836C008B7BA1 /* image */ = {
			isa = PBXGroup;
			children = (
				2C2E096E2488836C008B7BA1 /* food */,
				2C2E09702488836C008B7BA1 /* media */,
			);
			path = image;
			sourceTree = "<group>";
		};
		2C2E096E2488836C008B7BA1 /* food */ = {
			isa = PBXGroup;
			children = (
				2C2A13692488EA6200D754CD /* steak.jpg */,
				2C2E096F2488836C008B7BA1 /* chicken.jpg */,
			);
			path = food;
			sourceTree = "<group>";
		};
		2C2E09702488836C008B7BA1 /* media */ = {
			isa = PBXGroup;
			children = (
				2C2E09712488836C008B7BA1 /* music */,
				2C2E09732488836C008B7BA1 /* movie */,
				2C2E09792488836C008B7BA1 /* entertainment */,
				2C2E097B2488836C008B7BA1 /* game */,
				2C2E097D2488836C008B7BA1 /* sports */,
				2C2E097F2488836C008B7BA1 /* pet */,
				2C2E09812488836C008B7BA1 /* news */,
				2C2E09832488836C008B7BA1 /* drama */,
			);
			path = media;
			sourceTree = "<group>";
		};
		2C2E09712488836C008B7BA1 /* music */ = {
			isa = PBXGroup;
			children = (
				2C2E09722488836C008B7BA1 /* music.jpg */,
			);
			path = music;
			sourceTree = "<group>";
		};
		2C2E09732488836C008B7BA1 /* movie */ = {
			isa = PBXGroup;
			children = (
				2C2A136B2488FD9100D754CD /* 유머 있는.png */,
				2C2E09742488836C008B7BA1 /* 최첨단.png */,
				2C2A136E2488FFF200D754CD /* 환상적인.png */,
				2C2A13712488FFF300D754CD /* 사랑스러운.png */,
				2C2A136D2488FFF200D754CD /* 리듬감 있는.png */,
				2C2A136F2488FFF300D754CD /* 경쟁 하는.png */,
				2C2A13722488FFF300D754CD /* 소름 돋는.png */,
				2C2A13702488FFF300D754CD /* 학살 하는.png */,
				2C2E09752488836C008B7BA1 /* Movie.jpg */,
				2C2E09762488836C008B7BA1 /* 역동적인.png */,
			);
			path = movie;
			sourceTree = "<group>";
		};
		2C2E09792488836C008B7BA1 /* entertainment */ = {
			isa = PBXGroup;
			children = (
				2C2E097A2488836C008B7BA1 /* entertainment.jpg */,
			);
			path = entertainment;
			sourceTree = "<group>";
		};
		2C2E097B2488836C008B7BA1 /* game */ = {
			isa = PBXGroup;
			children = (
				2C2E097C2488836C008B7BA1 /* game.jpg */,
				2C37E9F42489CA290001F4BD /* 레이드 뛰러가는.png */,
				2C37E9F32489CA290001F4BD /* 분주한.png */,
				2C37E9F62489CA290001F4BD /* 상납하는.png */,
				2C37E9F52489CA290001F4BD /* 손가락으로 공 차는.png */,
				2C37E9F82489CA290001F4BD /* 인디한.png */,
				2C37E9F72489CA290001F4BD /* 총 비슷한 거 쏘는.png */,
				2C37E9F92489CA2A0001F4BD /* 총 좀 쏘는.png */,
				2C37E9FA2489CA2A0001F4BD /* 총 줏어 쏘는.png */,
				2C37E9F22489CA290001F4BD /* 협곡에 사는.png */,
			);
			path = game;
			sourceTree = "<group>";
		};
		2C2E097D2488836C008B7BA1 /* sports */ = {
			isa = PBXGroup;
			children = (
				2C37E9F02489C8F00001F4BD /* 공좀차는.jpg */,
				2C37E9E52489C8E10001F4BD /* 스매싱하는.jpg */,
				2C37E9E32489C8E00001F4BD /* 스파이크하는.jpg */,
				2C37E9E12489C8E00001F4BD /* 스핀넣는.jpg */,
				2C37E9E72489C8E10001F4BD /* 엣지넣는.jpg */,
				2C37E9E22489C8E00001F4BD /* 치고받는.jpg */,
				2C37E9E02489C8E00001F4BD /* 쿠션넣는.jpg */,
				2C37E9E42489C8E00001F4BD /* 퍼팅하는.jpg */,
				2C37E9E62489C8E10001F4BD /* 홈런치는.jpg */,
				2C2E097E2488836C008B7BA1 /* sports.jpg */,
			);
			path = sports;
			sourceTree = "<group>";
		};
		2C2E097F2488836C008B7BA1 /* pet */ = {
			isa = PBXGroup;
			children = (
				2C37EA0B2489CA4D0001F4BD /* 간이 배 밖으로 나온.png */,
				2C37EA0A2489CA4D0001F4BD /* 기어다니는.png */,
				2C37EA092489CA4D0001F4BD /* 느릿느릿한.png */,
				2C37EA062489CA4D0001F4BD /* 도도한.png */,
				2C37EA042489CA4D0001F4BD /* 작은.png */,
				2C37EA082489CA4D0001F4BD /* 지저귀는.png */,
				2C37EA0C2489CA4E0001F4BD /* 통실통실한.png */,
				2C37EA072489CA4D0001F4BD /* 헤엄치는.png */,
				2C37EA052489CA4D0001F4BD /* 헥헥대는.png */,
				2C2E09802488836C008B7BA1 /* pet.jpg */,
			);
			path = pet;
			sourceTree = "<group>";
		};
		2C2E09812488836C008B7BA1 /* news */ = {
			isa = PBXGroup;
			children = (
				2C2E09822488836C008B7BA1 /* news.jpg */,
				2C37E9CD2489C8A40001F4BD /* 넓은.jpg */,
				2C37E9D42489C8A40001F4BD /* 부자가되고싶은.jpg */,
				2C37E9D32489C8A40001F4BD /* 사회적인.jpg */,
				2C37E9D22489C8A40001F4BD /* 생활력강한.jpg */,
				2C37E9D12489C8A40001F4BD /* 신기한.jpg */,
				2C37E9CC2489C8A40001F4BD /* 싸움잘하는.jpg */,
				2C37E9CE2489C8A40001F4BD /* 우산쓰는.jpg */,
				2C37E9D52489C8A50001F4BD /* 트랜디한.jpg */,
				2C37E9D02489C8A40001F4BD /* 화려한.jpg */,
				2C37E9CF2489C8A40001F4BD /* 활동적인.jpg */,
			);
			path = news;
			sourceTree = "<group>";
		};
		2C2E09832488836C008B7BA1 /* drama */ = {
			isa = PBXGroup;
			children = (
				2C2A137B24892A5500D754CD /* 가정적인.png */,
				2C2A137C24892A5500D754CD /* 경제적인.png */,
				2C2A137E24892A5500D754CD /* 내공이 뛰어난.png */,
				2C2A137924892A5400D754CD /* 답답한.png */,
				2C2A137F24892A5500D754CD /* 무시무시한.png */,
				2C2A138224892A5600D754CD /* 알고싶은.png */,
				2C2A138024892A5600D754CD /* 역사적인.png */,
				2C2A137D24892A5500D754CD /* 피해를 주는.png */,
				2C2A138124892A5600D754CD /* 흰 가운을 입은.png */,
				2C2E09842488836C008B7BA1 /* drama.jpg */,
			);
			path = drama;
			sourceTree = "<group>";
		};
/* End PBXGroup section */

/* Begin PBXNativeTarget section */
		2C196C5C24852E4E00FE8B50 /* UITest */ = {
			isa = PBXNativeTarget;
			buildConfigurationList = 2C196C7124852E4F00FE8B50 /* Build configuration list for PBXNativeTarget "UITest" */;
			buildPhases = (
				2C196C5924852E4E00FE8B50 /* Sources */,
				2C196C5A24852E4E00FE8B50 /* Frameworks */,
				2C196C5B24852E4E00FE8B50 /* Resources */,
			);
			buildRules = (
			);
			dependencies = (
			);
			name = UITest;
			productName = UITest;
			productReference = 2C196C5D24852E4E00FE8B50 /* UITest.app */;
			productType = "com.apple.product-type.application";
		};
/* End PBXNativeTarget section */

/* Begin PBXProject section */
		2C196C5524852E4E00FE8B50 /* Project object */ = {
			isa = PBXProject;
			attributes = {
				LastSwiftUpdateCheck = 1140;
				LastUpgradeCheck = 1140;
				ORGANIZATIONNAME = COMP420;
				TargetAttributes = {
					2C196C5C24852E4E00FE8B50 = {
						CreatedOnToolsVersion = 11.4.1;
					};
				};
			};
			buildConfigurationList = 2C196C5824852E4E00FE8B50 /* Build configuration list for PBXProject "UITest" */;
			compatibilityVersion = "Xcode 9.3";
			developmentRegion = en;
			hasScannedForEncodings = 0;
			knownRegions = (
				en,
				Base,
			);
			mainGroup = 2C196C5424852E4E00FE8B50;
			productRefGroup = 2C196C5E24852E4E00FE8B50 /* Products */;
			projectDirPath = "";
			projectRoot = "";
			targets = (
				2C196C5C24852E4E00FE8B50 /* UITest */,
			);
		};
/* End PBXProject section */

/* Begin PBXResourcesBuildPhase section */
		2C196C5B24852E4E00FE8B50 /* Resources */ = {
			isa = PBXResourcesBuildPhase;
			buildActionMask = 2147483647;
			files = (
				2C2A138824892A5600D754CD /* 내공이 뛰어난.png in Resources */,
				2C37EA122489CA4E0001F4BD /* 느릿느릿한.png in Resources */,
				2C37E9FE2489CA2A0001F4BD /* 손가락으로 공 차는.png in Resources */,
				2C2E09882488836D008B7BA1 /* Movie.jpg in Resources */,
				2C2A138924892A5600D754CD /* 무시무시한.png in Resources */,
				2C37E9DC2489C8A50001F4BD /* 생활력강한.jpg in Resources */,
				2C37EA112489CA4E0001F4BD /* 지저귀는.png in Resources */,
				2C2E098F2488836D008B7BA1 /* news.jpg in Resources */,
				2C2A13772488FFF300D754CD /* 사랑스러운.png in Resources */,
				2C37E9EF2489C8E10001F4BD /* 엣지넣는.jpg in Resources */,
				2C2E098D2488836D008B7BA1 /* sports.jpg in Resources */,
				2C2A13762488FFF300D754CD /* 학살 하는.png in Resources */,
				2C37E9EB2489C8E10001F4BD /* 스파이크하는.jpg in Resources */,
				2C2E098C2488836D008B7BA1 /* game.jpg in Resources */,
				2C2E098E2488836D008B7BA1 /* pet.jpg in Resources */,
				2C2A138624892A5600D754CD /* 경제적인.png in Resources */,
				2C37E9DB2489C8A50001F4BD /* 신기한.jpg in Resources */,
				2C2A138A24892A5600D754CD /* 역사적인.png in Resources */,
				2C37E9E92489C8E10001F4BD /* 스핀넣는.jpg in Resources */,
				2C2A136C2488FD9100D754CD /* 유머 있는.png in Resources */,
				2C2A138724892A5600D754CD /* 피해를 주는.png in Resources */,
				2C37EA132489CA4E0001F4BD /* 기어다니는.png in Resources */,
				2C196C6D24852E4F00FE8B50 /* LaunchScreen.storyboard in Resources */,
				2C2A138524892A5600D754CD /* 가정적인.png in Resources */,
				2C37EA102489CA4E0001F4BD /* 헤엄치는.png in Resources */,
				2C37E9DA2489C8A50001F4BD /* 화려한.jpg in Resources */,
				2C37E9D82489C8A50001F4BD /* 우산쓰는.jpg in Resources */,
				2C37EA142489CA4E0001F4BD /* 간이 배 밖으로 나온.png in Resources */,
				2C37E9FF2489CA2A0001F4BD /* 상납하는.png in Resources */,
				2C37EA032489CA2A0001F4BD /* 총 줏어 쏘는.png in Resources */,
				2C37EA002489CA2A0001F4BD /* 총 비슷한 거 쏘는.png in Resources */,
				2C37E9D72489C8A50001F4BD /* 넓은.jpg in Resources */,
				2C37E9EC2489C8E10001F4BD /* 퍼팅하는.jpg in Resources */,
				2C2A138C24892A5600D754CD /* 알고싶은.png in Resources */,
				2C2A138B24892A5600D754CD /* 흰 가운을 입은.png in Resources */,
				2C2E09872488836D008B7BA1 /* 최첨단.png in Resources */,
				2C2A136A2488EA6200D754CD /* steak.jpg in Resources */,
				2C2A13752488FFF300D754CD /* 경쟁 하는.png in Resources */,
				2C196C6A24852E4F00FE8B50 /* Assets.xcassets in Resources */,
				2C37EA0D2489CA4E0001F4BD /* 작은.png in Resources */,
				2C37E9FC2489CA2A0001F4BD /* 분주한.png in Resources */,
				2C37E9FD2489CA2A0001F4BD /* 레이드 뛰러가는.png in Resources */,
				2C37E9E82489C8E10001F4BD /* 쿠션넣는.jpg in Resources */,
				2C37E9EA2489C8E10001F4BD /* 치고받는.jpg in Resources */,
				2C2E09892488836D008B7BA1 /* 역동적인.png in Resources */,
				2C37E9ED2489C8E10001F4BD /* 스매싱하는.jpg in Resources */,
				2C196C7A2485D08900FE8B50 /* Default-568h@2x.png in Resources */,
				2C2A138324892A5600D754CD /* 답답한.png in Resources */,
				2C37E9EE2489C8E10001F4BD /* 홈런치는.jpg in Resources */,
				2C37EA152489CA4E0001F4BD /* 통실통실한.png in Resources */,
				2C2A13742488FFF300D754CD /* 환상적인.png in Resources */,
				2C37E9D92489C8A50001F4BD /* 활동적인.jpg in Resources */,
				2C196C6824852E4E00FE8B50 /* Main.storyboard in Resources */,
				2C37E9FB2489CA2A0001F4BD /* 협곡에 사는.png in Resources */,
				2C2A13782488FFF300D754CD /* 소름 돋는.png in Resources */,
				2C37EA012489CA2A0001F4BD /* 인디한.png in Resources */,
				2C37E9DF2489C8A50001F4BD /* 트랜디한.jpg in Resources */,
				2C37EA0F2489CA4E0001F4BD /* 도도한.png in Resources */,
				2C37E9DE2489C8A50001F4BD /* 부자가되고싶은.jpg in Resources */,
				2C2E09852488836D008B7BA1 /* chicken.jpg in Resources */,
				2C2E09902488836D008B7BA1 /* drama.jpg in Resources */,
				2C37EA0E2489CA4E0001F4BD /* 헥헥대는.png in Resources */,
				2C37E9F12489C8F00001F4BD /* 공좀차는.jpg in Resources */,
				2C37E9DD2489C8A50001F4BD /* 사회적인.jpg in Resources */,
				2C37E9D62489C8A50001F4BD /* 싸움잘하는.jpg in Resources */,
				2C2A13732488FFF300D754CD /* 리듬감 있는.png in Resources */,
				2C2E098B2488836D008B7BA1 /* entertainment.jpg in Resources */,
				2C37EA022489CA2A0001F4BD /* 총 좀 쏘는.png in Resources */,
				2C2E09862488836D008B7BA1 /* music.jpg in Resources */,
			);
			runOnlyForDeploymentPostprocessing = 0;
		};
/* End PBXResourcesBuildPhase section */

/* Begin PBXSourcesBuildPhase section */
		2C196C5924852E4E00FE8B50 /* Sources */ = {
			isa = PBXSourcesBuildPhase;
			buildActionMask = 2147483647;
			files = (
				2C196C6524852E4E00FE8B50 /* ColorViewController.swift in Sources */,
				2CC7B27D24877E0900BFC182 /* MediaThemeViewController.swift in Sources */,
				2C196C7C2486425F00FE8B50 /* FoodViewController.swift in Sources */,
				2C196C6124852E4E00FE8B50 /* AppDelegate.swift in Sources */,
				2CC7B27F2487800300BFC182 /* ThemViewController.swift in Sources */,
				2C196C6324852E4E00FE8B50 /* SceneDelegate.swift in Sources */,
				2C196C7724853DB600FE8B50 /* MediaViewController.swift in Sources */,
			);
			runOnlyForDeploymentPostprocessing = 0;
		};
/* End PBXSourcesBuildPhase section */

/* Begin PBXVariantGroup section */
		2C196C6624852E4E00FE8B50 /* Main.storyboard */ = {
			isa = PBXVariantGroup;
			children = (
				2C196C6724852E4E00FE8B50 /* Base */,
			);
			name = Main.storyboard;
			sourceTree = "<group>";
		};
		2C196C6B24852E4F00FE8B50 /* LaunchScreen.storyboard */ = {
			isa = PBXVariantGroup;
			children = (
				2C196C6C24852E4F00FE8B50 /* Base */,
			);
			name = LaunchScreen.storyboard;
			sourceTree = "<group>";
		};
/* End PBXVariantGroup section */

/* Begin XCBuildConfiguration section */
		2C196C6F24852E4F00FE8B50 /* Debug */ = {
			isa = XCBuildConfiguration;
			buildSettings = {
				ALWAYS_SEARCH_USER_PATHS = NO;
				CLANG_ANALYZER_NONNULL = YES;
				CLANG_ANALYZER_NUMBER_OBJECT_CONVERSION = YES_AGGRESSIVE;
				CLANG_CXX_LANGUAGE_STANDARD = "gnu++14";
				CLANG_CXX_LIBRARY = "libc++";
				CLANG_ENABLE_MODULES = YES;
				CLANG_ENABLE_OBJC_ARC = YES;
				CLANG_ENABLE_OBJC_WEAK = YES;
				CLANG_WARN_BLOCK_CAPTURE_AUTORELEASING = YES;
				CLANG_WARN_BOOL_CONVERSION = YES;
				CLANG_WARN_COMMA = YES;
				CLANG_WARN_CONSTANT_CONVERSION = YES;
				CLANG_WARN_DEPRECATED_OBJC_IMPLEMENTATIONS = YES;
				CLANG_WARN_DIRECT_OBJC_ISA_USAGE = YES_ERROR;
				CLANG_WARN_DOCUMENTATION_COMMENTS = YES;
				CLANG_WARN_EMPTY_BODY = YES;
				CLANG_WARN_ENUM_CONVERSION = YES;
				CLANG_WARN_INFINITE_RECURSION = YES;
				CLANG_WARN_INT_CONVERSION = YES;
				CLANG_WARN_NON_LITERAL_NULL_CONVERSION = YES;
				CLANG_WARN_OBJC_IMPLICIT_RETAIN_SELF = YES;
				CLANG_WARN_OBJC_LITERAL_CONVERSION = YES;
				CLANG_WARN_OBJC_ROOT_CLASS = YES_ERROR;
				CLANG_WARN_RANGE_LOOP_ANALYSIS = YES;
				CLANG_WARN_STRICT_PROTOTYPES = YES;
				CLANG_WARN_SUSPICIOUS_MOVE = YES;
				CLANG_WARN_UNGUARDED_AVAILABILITY = YES_AGGRESSIVE;
				CLANG_WARN_UNREACHABLE_CODE = YES;
				CLANG_WARN__DUPLICATE_METHOD_MATCH = YES;
				COPY_PHASE_STRIP = NO;
				DEBUG_INFORMATION_FORMAT = dwarf;
				ENABLE_STRICT_OBJC_MSGSEND = YES;
				ENABLE_TESTABILITY = YES;
				GCC_C_LANGUAGE_STANDARD = gnu11;
				GCC_DYNAMIC_NO_PIC = NO;
				GCC_NO_COMMON_BLOCKS = YES;
				GCC_OPTIMIZATION_LEVEL = 0;
				GCC_PREPROCESSOR_DEFINITIONS = (
					"DEBUG=1",
					"$(inherited)",
				);
				GCC_WARN_64_TO_32_BIT_CONVERSION = YES;
				GCC_WARN_ABOUT_RETURN_TYPE = YES_ERROR;
				GCC_WARN_UNDECLARED_SELECTOR = YES;
				GCC_WARN_UNINITIALIZED_AUTOS = YES_AGGRESSIVE;
				GCC_WARN_UNUSED_FUNCTION = YES;
				GCC_WARN_UNUSED_VARIABLE = YES;
				IPHONEOS_DEPLOYMENT_TARGET = 13.4;
				MTL_ENABLE_DEBUG_INFO = INCLUDE_SOURCE;
				MTL_FAST_MATH = YES;
				ONLY_ACTIVE_ARCH = YES;
				SDKROOT = iphoneos;
				SWIFT_ACTIVE_COMPILATION_CONDITIONS = DEBUG;
				SWIFT_OPTIMIZATION_LEVEL = "-Onone";
			};
			name = Debug;
		};
		2C196C7024852E4F00FE8B50 /* Release */ = {
			isa = XCBuildConfiguration;
			buildSettings = {
				ALWAYS_SEARCH_USER_PATHS = NO;
				CLANG_ANALYZER_NONNULL = YES;
				CLANG_ANALYZER_NUMBER_OBJECT_CONVERSION = YES_AGGRESSIVE;
				CLANG_CXX_LANGUAGE_STANDARD = "gnu++14";
				CLANG_CXX_LIBRARY = "libc++";
				CLANG_ENABLE_MODULES = YES;
				CLANG_ENABLE_OBJC_ARC = YES;
				CLANG_ENABLE_OBJC_WEAK = YES;
				CLANG_WARN_BLOCK_CAPTURE_AUTORELEASING = YES;
				CLANG_WARN_BOOL_CONVERSION = YES;
				CLANG_WARN_COMMA = YES;
				CLANG_WARN_CONSTANT_CONVERSION = YES;
				CLANG_WARN_DEPRECATED_OBJC_IMPLEMENTATIONS = YES;
				CLANG_WARN_DIRECT_OBJC_ISA_USAGE = YES_ERROR;
				CLANG_WARN_DOCUMENTATION_COMMENTS = YES;
				CLANG_WARN_EMPTY_BODY = YES;
				CLANG_WARN_ENUM_CONVERSION = YES;
				CLANG_WARN_INFINITE_RECURSION = YES;
				CLANG_WARN_INT_CONVERSION = YES;
				CLANG_WARN_NON_LITERAL_NULL_CONVERSION = YES;
				CLANG_WARN_OBJC_IMPLICIT_RETAIN_SELF = YES;
				CLANG_WARN_OBJC_LITERAL_CONVERSION = YES;
				CLANG_WARN_OBJC_ROOT_CLASS = YES_ERROR;
				CLANG_WARN_RANGE_LOOP_ANALYSIS = YES;
				CLANG_WARN_STRICT_PROTOTYPES = YES;
				CLANG_WARN_SUSPICIOUS_MOVE = YES;
				CLANG_WARN_UNGUARDED_AVAILABILITY = YES_AGGRESSIVE;
				CLANG_WARN_UNREACHABLE_CODE = YES;
				CLANG_WARN__DUPLICATE_METHOD_MATCH = YES;
				COPY_PHASE_STRIP = NO;
				DEBUG_INFORMATION_FORMAT = "dwarf-with-dsym";
				ENABLE_NS_ASSERTIONS = NO;
				ENABLE_STRICT_OBJC_MSGSEND = YES;
				GCC_C_LANGUAGE_STANDARD = gnu11;
				GCC_NO_COMMON_BLOCKS = YES;
				GCC_WARN_64_TO_32_BIT_CONVERSION = YES;
				GCC_WARN_ABOUT_RETURN_TYPE = YES_ERROR;
				GCC_WARN_UNDECLARED_SELECTOR = YES;
				GCC_WARN_UNINITIALIZED_AUTOS = YES_AGGRESSIVE;
				GCC_WARN_UNUSED_FUNCTION = YES;
				GCC_WARN_UNUSED_VARIABLE = YES;
				IPHONEOS_DEPLOYMENT_TARGET = 13.4;
				MTL_ENABLE_DEBUG_INFO = NO;
				MTL_FAST_MATH = YES;
				SDKROOT = iphoneos;
				SWIFT_COMPILATION_MODE = wholemodule;
				SWIFT_OPTIMIZATION_LEVEL = "-O";
				VALIDATE_PRODUCT = YES;
			};
			name = Release;
		};
		2C196C7224852E4F00FE8B50 /* Debug */ = {
			isa = XCBuildConfiguration;
			buildSettings = {
				ASSETCATALOG_COMPILER_APPICON_NAME = AppIcon;
				CODE_SIGN_STYLE = Automatic;
				DEVELOPMENT_TEAM = 28PC42257L;
				INFOPLIST_FILE = UITest/Info.plist;
				LD_RUNPATH_SEARCH_PATHS = (
					"$(inherited)",
					"@executable_path/Frameworks",
				);
				PRODUCT_BUNDLE_IDENTIFIER = kr.ac.knu.aomp420.ohaeori.UITest;
				PRODUCT_NAME = "$(TARGET_NAME)";
				SWIFT_VERSION = 5.0;
				TARGETED_DEVICE_FAMILY = "1,2";
			};
			name = Debug;
		};
		2C196C7324852E4F00FE8B50 /* Release */ = {
			isa = XCBuildConfiguration;
			buildSettings = {
				ASSETCATALOG_COMPILER_APPICON_NAME = AppIcon;
				CODE_SIGN_STYLE = Automatic;
				DEVELOPMENT_TEAM = 28PC42257L;
				INFOPLIST_FILE = UITest/Info.plist;
				LD_RUNPATH_SEARCH_PATHS = (
					"$(inherited)",
					"@executable_path/Frameworks",
				);
				PRODUCT_BUNDLE_IDENTIFIER = kr.ac.knu.aomp420.ohaeori.UITest;
				PRODUCT_NAME = "$(TARGET_NAME)";
				SWIFT_VERSION = 5.0;
				TARGETED_DEVICE_FAMILY = "1,2";
			};
			name = Release;
		};
/* End XCBuildConfiguration section */

/* Begin XCConfigurationList section */
		2C196C5824852E4E00FE8B50 /* Build configuration list for PBXProject "UITest" */ = {
			isa = XCConfigurationList;
			buildConfigurations = (
				2C196C6F24852E4F00FE8B50 /* Debug */,
				2C196C7024852E4F00FE8B50 /* Release */,
			);
			defaultConfigurationIsVisible = 0;
			defaultConfigurationName = Release;
		};
		2C196C7124852E4F00FE8B50 /* Build configuration list for PBXNativeTarget "UITest" */ = {
			isa = XCConfigurationList;
			buildConfigurations = (
				2C196C7224852E4F00FE8B50 /* Debug */,
				2C196C7324852E4F00FE8B50 /* Release */,
			);
			defaultConfigurationIsVisible = 0;
			defaultConfigurationName = Release;
		};
/* End XCConfigurationList section */
	};
	rootObject = 2C196C5524852E4E00FE8B50 /* Project object */;
}
