// !$*UTF8*$!
{
	archiveVersion = 1;
	classes = {
	};
	objectVersion = 50;
	objects = {

/* Begin PBXBuildFile section */
		82BD922D2487FAF8002525D6 /* matching.png in Resources */ = {isa = PBXBuildFile; fileRef = 82BD922C2487FAF8002525D6 /* matching.png */; };
		82BD922F2487FAFF002525D6 /* like.jpg in Resources */ = {isa = PBXBuildFile; fileRef = 82BD922E2487FAFF002525D6 /* like.jpg */; };
		82BD92312487FB06002525D6 /* write.jpg in Resources */ = {isa = PBXBuildFile; fileRef = 82BD92302487FB06002525D6 /* write.jpg */; };
		82BD9235248801B5002525D6 /* crown.jpg in Resources */ = {isa = PBXBuildFile; fileRef = 82BD9234248801B5002525D6 /* crown.jpg */; };
		82BD9239248803FA002525D6 /* happy.jpg in Resources */ = {isa = PBXBuildFile; fileRef = 82BD9238248803FA002525D6 /* happy.jpg */; };
		82BD923B248804E4002525D6 /* question.jpg in Resources */ = {isa = PBXBuildFile; fileRef = 82BD923A248804E4002525D6 /* question.jpg */; };
		82BD923D248807E4002525D6 /* Main.storyboard in Resources */ = {isa = PBXBuildFile; fileRef = 82BD923C248807E4002525D6 /* Main.storyboard */; };
		82BD923F24880BEA002525D6 /* AddViewController.swift in Sources */ = {isa = PBXBuildFile; fileRef = 82BD923E24880BEA002525D6 /* AddViewController.swift */; };
		AFC693D52339F941000D8934 /* AppDelegate.swift in Sources */ = {isa = PBXBuildFile; fileRef = AFC693D42339F941000D8934 /* AppDelegate.swift */; };
		AFC693D72339F941000D8934 /* SceneDelegate.swift in Sources */ = {isa = PBXBuildFile; fileRef = AFC693D62339F941000D8934 /* SceneDelegate.swift */; };
		AFC693DE2339F942000D8934 /* Assets.xcassets in Resources */ = {isa = PBXBuildFile; fileRef = AFC693DD2339F942000D8934 /* Assets.xcassets */; };
		AFC693E12339F942000D8934 /* LaunchScreen.storyboard in Resources */ = {isa = PBXBuildFile; fileRef = AFC693DF2339F942000D8934 /* LaunchScreen.storyboard */; };
		AFC693E92339FBDE000D8934 /* TableViewController.swift in Sources */ = {isa = PBXBuildFile; fileRef = AFC693E82339FBDE000D8934 /* TableViewController.swift */; };
		AFC693ED2339FC09000D8934 /* DetailViewController.swift in Sources */ = {isa = PBXBuildFile; fileRef = AFC693EC2339FC09000D8934 /* DetailViewController.swift */; };
/* End PBXBuildFile section */

/* Begin PBXFileReference section */
		82BD922C2487FAF8002525D6 /* matching.png */ = {isa = PBXFileReference; lastKnownFileType = image.png; path = matching.png; sourceTree = "<group>"; };
		82BD922E2487FAFF002525D6 /* like.jpg */ = {isa = PBXFileReference; lastKnownFileType = image.jpeg; path = like.jpg; sourceTree = "<group>"; };
		82BD92302487FB06002525D6 /* write.jpg */ = {isa = PBXFileReference; lastKnownFileType = image.jpeg; path = write.jpg; sourceTree = "<group>"; };
		82BD9234248801B5002525D6 /* crown.jpg */ = {isa = PBXFileReference; lastKnownFileType = image.jpeg; path = crown.jpg; sourceTree = "<group>"; };
		82BD9238248803FA002525D6 /* happy.jpg */ = {isa = PBXFileReference; lastKnownFileType = image.jpeg; path = happy.jpg; sourceTree = "<group>"; };
		82BD923A248804E4002525D6 /* question.jpg */ = {isa = PBXFileReference; lastKnownFileType = image.jpeg; path = question.jpg; sourceTree = "<group>"; };
		82BD923C248807E4002525D6 /* Main.storyboard */ = {isa = PBXFileReference; fileEncoding = 4; lastKnownFileType = file.storyboard; name = Main.storyboard; path = "../../../Library/Mobile Documents/com~apple~CloudDocs/.Trash/Main.storyboard"; sourceTree = "<group>"; };
		82BD923E24880BEA002525D6 /* AddViewController.swift */ = {isa = PBXFileReference; lastKnownFileType = sourcecode.swift; path = AddViewController.swift; sourceTree = "<group>"; };
		AFC693D12339F941000D8934 /* Table.app */ = {isa = PBXFileReference; explicitFileType = wrapper.application; includeInIndex = 0; path = Table.app; sourceTree = BUILT_PRODUCTS_DIR; };
		AFC693D42339F941000D8934 /* AppDelegate.swift */ = {isa = PBXFileReference; lastKnownFileType = sourcecode.swift; path = AppDelegate.swift; sourceTree = "<group>"; };
		AFC693D62339F941000D8934 /* SceneDelegate.swift */ = {isa = PBXFileReference; lastKnownFileType = sourcecode.swift; path = SceneDelegate.swift; sourceTree = "<group>"; };
		AFC693DD2339F942000D8934 /* Assets.xcassets */ = {isa = PBXFileReference; lastKnownFileType = folder.assetcatalog; path = Assets.xcassets; sourceTree = "<group>"; };
		AFC693E02339F942000D8934 /* Base */ = {isa = PBXFileReference; lastKnownFileType = file.storyboard; name = Base; path = Base.lproj/LaunchScreen.storyboard; sourceTree = "<group>"; };
		AFC693E22339F942000D8934 /* Info.plist */ = {isa = PBXFileReference; lastKnownFileType = text.plist.xml; path = Info.plist; sourceTree = "<group>"; };
		AFC693E82339FBDE000D8934 /* TableViewController.swift */ = {isa = PBXFileReference; lastKnownFileType = sourcecode.swift; path = TableViewController.swift; sourceTree = "<group>"; };
		AFC693EC2339FC09000D8934 /* DetailViewController.swift */ = {isa = PBXFileReference; lastKnownFileType = sourcecode.swift; path = DetailViewController.swift; sourceTree = "<group>"; };
/* End PBXFileReference section */

/* Begin PBXFrameworksBuildPhase section */
		AFC693CE2339F941000D8934 /* Frameworks */ = {
			isa = PBXFrameworksBuildPhase;
			buildActionMask = 2147483647;
			files = (
			);
			runOnlyForDeploymentPostprocessing = 0;
		};
/* End PBXFrameworksBuildPhase section */

/* Begin PBXGroup section */
		AFC693C82339F941000D8934 = {
			isa = PBXGroup;
			children = (
				AFC693D32339F941000D8934 /* Table */,
				AFC693D22339F941000D8934 /* Products */,
			);
			sourceTree = "<group>";
		};
		AFC693D22339F941000D8934 /* Products */ = {
			isa = PBXGroup;
			children = (
				AFC693D12339F941000D8934 /* Table.app */,
			);
			name = Products;
			sourceTree = "<group>";
		};
		AFC693D32339F941000D8934 /* Table */ = {
			isa = PBXGroup;
			children = (
				82BD92302487FB06002525D6 /* write.jpg */,
				82BD922E2487FAFF002525D6 /* like.jpg */,
				82BD9238248803FA002525D6 /* happy.jpg */,
				82BD923A248804E4002525D6 /* question.jpg */,
				82BD922C2487FAF8002525D6 /* matching.png */,
				82BD9234248801B5002525D6 /* crown.jpg */,
				AFC693D42339F941000D8934 /* AppDelegate.swift */,
				82BD923E24880BEA002525D6 /* AddViewController.swift */,
				AFC693E82339FBDE000D8934 /* TableViewController.swift */,
				AFC693EC2339FC09000D8934 /* DetailViewController.swift */,
				AFC693D62339F941000D8934 /* SceneDelegate.swift */,
				82BD923C248807E4002525D6 /* Main.storyboard */,
				AFC693DD2339F942000D8934 /* Assets.xcassets */,
				AFC693DF2339F942000D8934 /* LaunchScreen.storyboard */,
				AFC693E22339F942000D8934 /* Info.plist */,
			);
			path = Table;
			sourceTree = "<group>";
		};
/* End PBXGroup section */

/* Begin PBXNativeTarget section */
		AFC693D02339F941000D8934 /* Table */ = {
			isa = PBXNativeTarget;
			buildConfigurationList = AFC693E52339F942000D8934 /* Build configuration list for PBXNativeTarget "Table" */;
			buildPhases = (
				AFC693CD2339F941000D8934 /* Sources */,
				AFC693CE2339F941000D8934 /* Frameworks */,
				AFC693CF2339F941000D8934 /* Resources */,
			);
			buildRules = (
			);
			dependencies = (
			);
			name = Table;
			productName = Table;
			productReference = AFC693D12339F941000D8934 /* Table.app */;
			productType = "com.apple.product-type.application";
		};
/* End PBXNativeTarget section */

/* Begin PBXProject section */
		AFC693C92339F941000D8934 /* Project object */ = {
			isa = PBXProject;
			attributes = {
				LastSwiftUpdateCheck = 1100;
				LastUpgradeCheck = 1100;
				ORGANIZATIONNAME = bglee;
				TargetAttributes = {
					AFC693D02339F941000D8934 = {
						CreatedOnToolsVersion = 11.0;
					};
				};
			};
			buildConfigurationList = AFC693CC2339F941000D8934 /* Build configuration list for PBXProject "Table" */;
			compatibilityVersion = "Xcode 9.3";
			developmentRegion = en;
			hasScannedForEncodings = 0;
			knownRegions = (
				en,
				Base,
			);
			mainGroup = AFC693C82339F941000D8934;
			productRefGroup = AFC693D22339F941000D8934 /* Products */;
			projectDirPath = "";
			projectRoot = "";
			targets = (
				AFC693D02339F941000D8934 /* Table */,
			);
		};
/* End PBXProject section */

/* Begin PBXResourcesBuildPhase section */
		AFC693CF2339F941000D8934 /* Resources */ = {
			isa = PBXResourcesBuildPhase;
			buildActionMask = 2147483647;
			files = (
				82BD923B248804E4002525D6 /* question.jpg in Resources */,
				AFC693E12339F942000D8934 /* LaunchScreen.storyboard in Resources */,
				AFC693DE2339F942000D8934 /* Assets.xcassets in Resources */,
				82BD9239248803FA002525D6 /* happy.jpg in Resources */,
				82BD92312487FB06002525D6 /* write.jpg in Resources */,
				82BD922F2487FAFF002525D6 /* like.jpg in Resources */,
				82BD923D248807E4002525D6 /* Main.storyboard in Resources */,
				82BD922D2487FAF8002525D6 /* matching.png in Resources */,
				82BD9235248801B5002525D6 /* crown.jpg in Resources */,
			);
			runOnlyForDeploymentPostprocessing = 0;
		};
/* End PBXResourcesBuildPhase section */

/* Begin PBXSourcesBuildPhase section */
		AFC693CD2339F941000D8934 /* Sources */ = {
			isa = PBXSourcesBuildPhase;
			buildActionMask = 2147483647;
			files = (
				82BD923F24880BEA002525D6 /* AddViewController.swift in Sources */,
				AFC693D52339F941000D8934 /* AppDelegate.swift in Sources */,
				AFC693E92339FBDE000D8934 /* TableViewController.swift in Sources */,
				AFC693ED2339FC09000D8934 /* DetailViewController.swift in Sources */,
				AFC693D72339F941000D8934 /* SceneDelegate.swift in Sources */,
			);
			runOnlyForDeploymentPostprocessing = 0;
		};
/* End PBXSourcesBuildPhase section */

/* Begin PBXVariantGroup section */
		AFC693DF2339F942000D8934 /* LaunchScreen.storyboard */ = {
			isa = PBXVariantGroup;
			children = (
				AFC693E02339F942000D8934 /* Base */,
			);
			name = LaunchScreen.storyboard;
			sourceTree = "<group>";
		};
/* End PBXVariantGroup section */

/* Begin XCBuildConfiguration section */
		AFC693E32339F942000D8934 /* Debug */ = {
			isa = XCBuildConfiguration;
			buildSettings = {
				ALWAYS_SEARCH_USER_PATHS = NO;
				CLANG_ANALYZER_NONNULL = YES;
				CLANG_ANALYZER_NUMBER_OBJECT_CONVERSION = YES_AGGRESSIVE;
				CLANG_CXX_LANGUAGE_STANDARD = "gnu++14";
				CLANG_CXX_LIBRARY = "libc++";
				CLANG_ENABLE_MODULES = YES;
				CLANG_ENABLE_OBJC_ARC = YES;
				CLANG_ENABLE_OBJC_WEAK = YES;
				CLANG_WARN_BLOCK_CAPTURE_AUTORELEASING = YES;
				CLANG_WARN_BOOL_CONVERSION = YES;
				CLANG_WARN_COMMA = YES;
				CLANG_WARN_CONSTANT_CONVERSION = YES;
				CLANG_WARN_DEPRECATED_OBJC_IMPLEMENTATIONS = YES;
				CLANG_WARN_DIRECT_OBJC_ISA_USAGE = YES_ERROR;
				CLANG_WARN_DOCUMENTATION_COMMENTS = YES;
				CLANG_WARN_EMPTY_BODY = YES;
				CLANG_WARN_ENUM_CONVERSION = YES;
				CLANG_WARN_INFINITE_RECURSION = YES;
				CLANG_WARN_INT_CONVERSION = YES;
				CLANG_WARN_NON_LITERAL_NULL_CONVERSION = YES;
				CLANG_WARN_OBJC_IMPLICIT_RETAIN_SELF = YES;
				CLANG_WARN_OBJC_LITERAL_CONVERSION = YES;
				CLANG_WARN_OBJC_ROOT_CLASS = YES_ERROR;
				CLANG_WARN_RANGE_LOOP_ANALYSIS = YES;
				CLANG_WARN_STRICT_PROTOTYPES = YES;
				CLANG_WARN_SUSPICIOUS_MOVE = YES;
				CLANG_WARN_UNGUARDED_AVAILABILITY = YES_AGGRESSIVE;
				CLANG_WARN_UNREACHABLE_CODE = YES;
				CLANG_WARN__DUPLICATE_METHOD_MATCH = YES;
				COPY_PHASE_STRIP = NO;
				DEBUG_INFORMATION_FORMAT = dwarf;
				ENABLE_STRICT_OBJC_MSGSEND = YES;
				ENABLE_TESTABILITY = YES;
				GCC_C_LANGUAGE_STANDARD = gnu11;
				GCC_DYNAMIC_NO_PIC = NO;
				GCC_NO_COMMON_BLOCKS = YES;
				GCC_OPTIMIZATION_LEVEL = 0;
				GCC_PREPROCESSOR_DEFINITIONS = (
					"DEBUG=1",
					"$(inherited)",
				);
				GCC_WARN_64_TO_32_BIT_CONVERSION = YES;
				GCC_WARN_ABOUT_RETURN_TYPE = YES_ERROR;
				GCC_WARN_UNDECLARED_SELECTOR = YES;
				GCC_WARN_UNINITIALIZED_AUTOS = YES_AGGRESSIVE;
				GCC_WARN_UNUSED_FUNCTION = YES;
				GCC_WARN_UNUSED_VARIABLE = YES;
				IPHONEOS_DEPLOYMENT_TARGET = 13.0;
				MTL_ENABLE_DEBUG_INFO = INCLUDE_SOURCE;
				MTL_FAST_MATH = YES;
				ONLY_ACTIVE_ARCH = YES;
				SDKROOT = iphoneos;
				SWIFT_ACTIVE_COMPILATION_CONDITIONS = DEBUG;
				SWIFT_OPTIMIZATION_LEVEL = "-Onone";
			};
			name = Debug;
		};
		AFC693E42339F942000D8934 /* Release */ = {
			isa = XCBuildConfiguration;
			buildSettings = {
				ALWAYS_SEARCH_USER_PATHS = NO;
				CLANG_ANALYZER_NONNULL = YES;
				CLANG_ANALYZER_NUMBER_OBJECT_CONVERSION = YES_AGGRESSIVE;
				CLANG_CXX_LANGUAGE_STANDARD = "gnu++14";
				CLANG_CXX_LIBRARY = "libc++";
				CLANG_ENABLE_MODULES = YES;
				CLANG_ENABLE_OBJC_ARC = YES;
				CLANG_ENABLE_OBJC_WEAK = YES;
				CLANG_WARN_BLOCK_CAPTURE_AUTORELEASING = YES;
				CLANG_WARN_BOOL_CONVERSION = YES;
				CLANG_WARN_COMMA = YES;
				CLANG_WARN_CONSTANT_CONVERSION = YES;
				CLANG_WARN_DEPRECATED_OBJC_IMPLEMENTATIONS = YES;
				CLANG_WARN_DIRECT_OBJC_ISA_USAGE = YES_ERROR;
				CLANG_WARN_DOCUMENTATION_COMMENTS = YES;
				CLANG_WARN_EMPTY_BODY = YES;
				CLANG_WARN_ENUM_CONVERSION = YES;
				CLANG_WARN_INFINITE_RECURSION = YES;
				CLANG_WARN_INT_CONVERSION = YES;
				CLANG_WARN_NON_LITERAL_NULL_CONVERSION = YES;
				CLANG_WARN_OBJC_IMPLICIT_RETAIN_SELF = YES;
				CLANG_WARN_OBJC_LITERAL_CONVERSION = YES;
				CLANG_WARN_OBJC_ROOT_CLASS = YES_ERROR;
				CLANG_WARN_RANGE_LOOP_ANALYSIS = YES;
				CLANG_WARN_STRICT_PROTOTYPES = YES;
				CLANG_WARN_SUSPICIOUS_MOVE = YES;
				CLANG_WARN_UNGUARDED_AVAILABILITY = YES_AGGRESSIVE;
				CLANG_WARN_UNREACHABLE_CODE = YES;
				CLANG_WARN__DUPLICATE_METHOD_MATCH = YES;
				COPY_PHASE_STRIP = NO;
				DEBUG_INFORMATION_FORMAT = "dwarf-with-dsym";
				ENABLE_NS_ASSERTIONS = NO;
				ENABLE_STRICT_OBJC_MSGSEND = YES;
				GCC_C_LANGUAGE_STANDARD = gnu11;
				GCC_NO_COMMON_BLOCKS = YES;
				GCC_WARN_64_TO_32_BIT_CONVERSION = YES;
				GCC_WARN_ABOUT_RETURN_TYPE = YES_ERROR;
				GCC_WARN_UNDECLARED_SELECTOR = YES;
				GCC_WARN_UNINITIALIZED_AUTOS = YES_AGGRESSIVE;
				GCC_WARN_UNUSED_FUNCTION = YES;
				GCC_WARN_UNUSED_VARIABLE = YES;
				IPHONEOS_DEPLOYMENT_TARGET = 13.0;
				MTL_ENABLE_DEBUG_INFO = NO;
				MTL_FAST_MATH = YES;
				SDKROOT = iphoneos;
				SWIFT_COMPILATION_MODE = wholemodule;
				SWIFT_OPTIMIZATION_LEVEL = "-O";
				VALIDATE_PRODUCT = YES;
			};
			name = Release;
		};
		AFC693E62339F942000D8934 /* Debug */ = {
			isa = XCBuildConfiguration;
			buildSettings = {
				ASSETCATALOG_COMPILER_APPICON_NAME = AppIcon;
				CODE_SIGN_STYLE = Automatic;
				INFOPLIST_FILE = Table/Info.plist;
				LD_RUNPATH_SEARCH_PATHS = (
					"$(inherited)",
					"@executable_path/Frameworks",
				);
				PRODUCT_BUNDLE_IDENTIFIER = net.macnpc.Table;
				PRODUCT_NAME = "$(TARGET_NAME)";
				SWIFT_VERSION = 5.0;
				TARGETED_DEVICE_FAMILY = "1,2";
			};
			name = Debug;
		};
		AFC693E72339F942000D8934 /* Release */ = {
			isa = XCBuildConfiguration;
			buildSettings = {
				ASSETCATALOG_COMPILER_APPICON_NAME = AppIcon;
				CODE_SIGN_STYLE = Automatic;
				INFOPLIST_FILE = Table/Info.plist;
				LD_RUNPATH_SEARCH_PATHS = (
					"$(inherited)",
					"@executable_path/Frameworks",
				);
				PRODUCT_BUNDLE_IDENTIFIER = net.macnpc.Table;
				PRODUCT_NAME = "$(TARGET_NAME)";
				SWIFT_VERSION = 5.0;
				TARGETED_DEVICE_FAMILY = "1,2";
			};
			name = Release;
		};
/* End XCBuildConfiguration section */

/* Begin XCConfigurationList section */
		AFC693CC2339F941000D8934 /* Build configuration list for PBXProject "Table" */ = {
			isa = XCConfigurationList;
			buildConfigurations = (
				AFC693E32339F942000D8934 /* Debug */,
				AFC693E42339F942000D8934 /* Release */,
			);
			defaultConfigurationIsVisible = 0;
			defaultConfigurationName = Release;
		};
		AFC693E52339F942000D8934 /* Build configuration list for PBXNativeTarget "Table" */ = {
			isa = XCConfigurationList;
			buildConfigurations = (
				AFC693E62339F942000D8934 /* Debug */,
				AFC693E72339F942000D8934 /* Release */,
			);
			defaultConfigurationIsVisible = 0;
			defaultConfigurationName = Release;
		};
/* End XCConfigurationList section */
	};
	rootObject = AFC693C92339F941000D8934 /* Project object */;
}
