// !$*UTF8*$!
{
	archiveVersion = 1;
	classes = {
	};
	objectVersion = 50;
	objects = {

/* Begin PBXBuildFile section */
		2CBF5708247FC4B70093A343 /* AppDelegate.swift in Sources */ = {isa = PBXBuildFile; fileRef = 2CBF5707247FC4B70093A343 /* AppDelegate.swift */; };
		2CBF570A247FC4B70093A343 /* SceneDelegate.swift in Sources */ = {isa = PBXBuildFile; fileRef = 2CBF5709247FC4B70093A343 /* SceneDelegate.swift */; };
		2CBF570C247FC4B70093A343 /* SignInViewController.swift in Sources */ = {isa = PBXBuildFile; fileRef = 2CBF570B247FC4B70093A343 /* SignInViewController.swift */; };
		2CBF5711247FC4B80093A343 /* Assets.xcassets in Resources */ = {isa = PBXBuildFile; fileRef = 2CBF5710247FC4B80093A343 /* Assets.xcassets */; };
		2CBF5714247FC4B80093A343 /* LaunchScreen.storyboard in Resources */ = {isa = PBXBuildFile; fileRef = 2CBF5712247FC4B80093A343 /* LaunchScreen.storyboard */; };
		2CEBF17C24905CDF00C1DBB1 /* getFavorite.storyboard in Resources */ = {isa = PBXBuildFile; fileRef = 2CEBF12A24905CDF00C1DBB1 /* getFavorite.storyboard */; };
		2CEBF17D24905CDF00C1DBB1 /* chicken.jpg in Resources */ = {isa = PBXBuildFile; fileRef = 2CEBF12E24905CDF00C1DBB1 /* chicken.jpg */; };
		2CEBF17E24905CDF00C1DBB1 /* steak.jpg in Resources */ = {isa = PBXBuildFile; fileRef = 2CEBF12F24905CDF00C1DBB1 /* steak.jpg */; };
		2CEBF17F24905CDF00C1DBB1 /* music.jpg in Resources */ = {isa = PBXBuildFile; fileRef = 2CEBF13224905CDF00C1DBB1 /* music.jpg */; };
		2CEBF18024905CDF00C1DBB1 /* 경쟁 하는.png in Resources */ = {isa = PBXBuildFile; fileRef = 2CEBF13424905CDF00C1DBB1 /* 경쟁 하는.png */; };
		2CEBF18124905CE000C1DBB1 /* Movie.jpg in Resources */ = {isa = PBXBuildFile; fileRef = 2CEBF13524905CDF00C1DBB1 /* Movie.jpg */; };
		2CEBF18224905CE000C1DBB1 /* 역동적인.png in Resources */ = {isa = PBXBuildFile; fileRef = 2CEBF13624905CDF00C1DBB1 /* 역동적인.png */; };
		2CEBF18324905CE000C1DBB1 /* 유머 있는.png in Resources */ = {isa = PBXBuildFile; fileRef = 2CEBF13724905CDF00C1DBB1 /* 유머 있는.png */; };
		2CEBF18424905CE000C1DBB1 /* 환상적인.png in Resources */ = {isa = PBXBuildFile; fileRef = 2CEBF13824905CDF00C1DBB1 /* 환상적인.png */; };
		2CEBF18524905CE000C1DBB1 /* 최첨단.png in Resources */ = {isa = PBXBuildFile; fileRef = 2CEBF13924905CDF00C1DBB1 /* 최첨단.png */; };
		2CEBF18624905CE000C1DBB1 /* 사랑스러운.png in Resources */ = {isa = PBXBuildFile; fileRef = 2CEBF13A24905CDF00C1DBB1 /* 사랑스러운.png */; };
		2CEBF18724905CE000C1DBB1 /* 학살 하는.png in Resources */ = {isa = PBXBuildFile; fileRef = 2CEBF13B24905CDF00C1DBB1 /* 학살 하는.png */; };
		2CEBF18824905CE000C1DBB1 /* 리듬감 있는.png in Resources */ = {isa = PBXBuildFile; fileRef = 2CEBF13C24905CDF00C1DBB1 /* 리듬감 있는.png */; };
		2CEBF18924905CE000C1DBB1 /* 소름 돋는.png in Resources */ = {isa = PBXBuildFile; fileRef = 2CEBF13D24905CDF00C1DBB1 /* 소름 돋는.png */; };
		2CEBF18A24905CE000C1DBB1 /* entertainment.jpg in Resources */ = {isa = PBXBuildFile; fileRef = 2CEBF13F24905CDF00C1DBB1 /* entertainment.jpg */; };
		2CEBF18B24905CE000C1DBB1 /* game.jpg in Resources */ = {isa = PBXBuildFile; fileRef = 2CEBF14124905CDF00C1DBB1 /* game.jpg */; };
		2CEBF18C24905CE000C1DBB1 /* 총 비슷한 거 쏘는.png in Resources */ = {isa = PBXBuildFile; fileRef = 2CEBF14224905CDF00C1DBB1 /* 총 비슷한 거 쏘는.png */; };
		2CEBF18D24905CE000C1DBB1 /* 레이드 뛰러가는.png in Resources */ = {isa = PBXBuildFile; fileRef = 2CEBF14324905CDF00C1DBB1 /* 레이드 뛰러가는.png */; };
		2CEBF18E24905CE000C1DBB1 /* 분주한.png in Resources */ = {isa = PBXBuildFile; fileRef = 2CEBF14424905CDF00C1DBB1 /* 분주한.png */; };
		2CEBF18F24905CE000C1DBB1 /* 총 좀 쏘는.png in Resources */ = {isa = PBXBuildFile; fileRef = 2CEBF14524905CDF00C1DBB1 /* 총 좀 쏘는.png */; };
		2CEBF19024905CE000C1DBB1 /* 총 줏어 쏘는.png in Resources */ = {isa = PBXBuildFile; fileRef = 2CEBF14624905CDF00C1DBB1 /* 총 줏어 쏘는.png */; };
		2CEBF19124905CE000C1DBB1 /* 손가락으로 공 차는.png in Resources */ = {isa = PBXBuildFile; fileRef = 2CEBF14724905CDF00C1DBB1 /* 손가락으로 공 차는.png */; };
		2CEBF19224905CE000C1DBB1 /* 인디한.png in Resources */ = {isa = PBXBuildFile; fileRef = 2CEBF14824905CDF00C1DBB1 /* 인디한.png */; };
		2CEBF19324905CE000C1DBB1 /* 상납하는.png in Resources */ = {isa = PBXBuildFile; fileRef = 2CEBF14924905CDF00C1DBB1 /* 상납하는.png */; };
		2CEBF19424905CE000C1DBB1 /* 협곡에 사는.png in Resources */ = {isa = PBXBuildFile; fileRef = 2CEBF14A24905CDF00C1DBB1 /* 협곡에 사는.png */; };
		2CEBF19524905CE000C1DBB1 /* 퍼팅하는.jpg in Resources */ = {isa = PBXBuildFile; fileRef = 2CEBF14C24905CDF00C1DBB1 /* 퍼팅하는.jpg */; };
		2CEBF19624905CE000C1DBB1 /* 스매싱하는.jpg in Resources */ = {isa = PBXBuildFile; fileRef = 2CEBF14D24905CDF00C1DBB1 /* 스매싱하는.jpg */; };
		2CEBF19724905CE000C1DBB1 /* 홈런치는.jpg in Resources */ = {isa = PBXBuildFile; fileRef = 2CEBF14E24905CDF00C1DBB1 /* 홈런치는.jpg */; };
		2CEBF19824905CE000C1DBB1 /* sports.jpg in Resources */ = {isa = PBXBuildFile; fileRef = 2CEBF14F24905CDF00C1DBB1 /* sports.jpg */; };
		2CEBF19924905CE000C1DBB1 /* 스파이크하는.jpg in Resources */ = {isa = PBXBuildFile; fileRef = 2CEBF15024905CDF00C1DBB1 /* 스파이크하는.jpg */; };
		2CEBF19A24905CE000C1DBB1 /* 쿠션넣는.jpg in Resources */ = {isa = PBXBuildFile; fileRef = 2CEBF15124905CDF00C1DBB1 /* 쿠션넣는.jpg */; };
		2CEBF19B24905CE000C1DBB1 /* 치고받는.jpg in Resources */ = {isa = PBXBuildFile; fileRef = 2CEBF15224905CDF00C1DBB1 /* 치고받는.jpg */; };
		2CEBF19C24905CE000C1DBB1 /* 엣지넣는.jpg in Resources */ = {isa = PBXBuildFile; fileRef = 2CEBF15324905CDF00C1DBB1 /* 엣지넣는.jpg */; };
		2CEBF19D24905CE000C1DBB1 /* 공좀차는.jpg in Resources */ = {isa = PBXBuildFile; fileRef = 2CEBF15424905CDF00C1DBB1 /* 공좀차는.jpg */; };
		2CEBF19E24905CE000C1DBB1 /* 스핀넣는.jpg in Resources */ = {isa = PBXBuildFile; fileRef = 2CEBF15524905CDF00C1DBB1 /* 스핀넣는.jpg */; };
		2CEBF19F24905CE000C1DBB1 /* 기어다니는.png in Resources */ = {isa = PBXBuildFile; fileRef = 2CEBF15724905CDF00C1DBB1 /* 기어다니는.png */; };
		2CEBF1A024905CE000C1DBB1 /* 간이 배 밖으로 나온.png in Resources */ = {isa = PBXBuildFile; fileRef = 2CEBF15824905CDF00C1DBB1 /* 간이 배 밖으로 나온.png */; };
		2CEBF1A124905CE000C1DBB1 /* 헥헥대는.png in Resources */ = {isa = PBXBuildFile; fileRef = 2CEBF15924905CDF00C1DBB1 /* 헥헥대는.png */; };
		2CEBF1A224905CE000C1DBB1 /* 헤엄치는.png in Resources */ = {isa = PBXBuildFile; fileRef = 2CEBF15A24905CDF00C1DBB1 /* 헤엄치는.png */; };
		2CEBF1A324905CE000C1DBB1 /* 느릿느릿한.png in Resources */ = {isa = PBXBuildFile; fileRef = 2CEBF15B24905CDF00C1DBB1 /* 느릿느릿한.png */; };
		2CEBF1A424905CE000C1DBB1 /* 통실통실한.png in Resources */ = {isa = PBXBuildFile; fileRef = 2CEBF15C24905CDF00C1DBB1 /* 통실통실한.png */; };
		2CEBF1A524905CE000C1DBB1 /* 작은.png in Resources */ = {isa = PBXBuildFile; fileRef = 2CEBF15D24905CDF00C1DBB1 /* 작은.png */; };
		2CEBF1A624905CE000C1DBB1 /* 지저귀는.png in Resources */ = {isa = PBXBuildFile; fileRef = 2CEBF15E24905CDF00C1DBB1 /* 지저귀는.png */; };
		2CEBF1A724905CE000C1DBB1 /* pet.jpg in Resources */ = {isa = PBXBuildFile; fileRef = 2CEBF15F24905CDF00C1DBB1 /* pet.jpg */; };
		2CEBF1A824905CE000C1DBB1 /* 도도한.png in Resources */ = {isa = PBXBuildFile; fileRef = 2CEBF16024905CDF00C1DBB1 /* 도도한.png */; };
		2CEBF1A924905CE000C1DBB1 /* news.jpg in Resources */ = {isa = PBXBuildFile; fileRef = 2CEBF16224905CDF00C1DBB1 /* news.jpg */; };
		2CEBF1AA24905CE000C1DBB1 /* 우산쓰는.jpg in Resources */ = {isa = PBXBuildFile; fileRef = 2CEBF16324905CDF00C1DBB1 /* 우산쓰는.jpg */; };
		2CEBF1AB24905CE000C1DBB1 /* 사회적인.jpg in Resources */ = {isa = PBXBuildFile; fileRef = 2CEBF16424905CDF00C1DBB1 /* 사회적인.jpg */; };
		2CEBF1AC24905CE000C1DBB1 /* 화려한.jpg in Resources */ = {isa = PBXBuildFile; fileRef = 2CEBF16524905CDF00C1DBB1 /* 화려한.jpg */; };
		2CEBF1AD24905CE000C1DBB1 /* 부자가되고싶은.jpg in Resources */ = {isa = PBXBuildFile; fileRef = 2CEBF16624905CDF00C1DBB1 /* 부자가되고싶은.jpg */; };
		2CEBF1AE24905CE000C1DBB1 /* 넓은.jpg in Resources */ = {isa = PBXBuildFile; fileRef = 2CEBF16724905CDF00C1DBB1 /* 넓은.jpg */; };
		2CEBF1AF24905CE000C1DBB1 /* 싸움잘하는.jpg in Resources */ = {isa = PBXBuildFile; fileRef = 2CEBF16824905CDF00C1DBB1 /* 싸움잘하는.jpg */; };
		2CEBF1B024905CE000C1DBB1 /* 생활력강한.jpg in Resources */ = {isa = PBXBuildFile; fileRef = 2CEBF16924905CDF00C1DBB1 /* 생활력강한.jpg */; };
		2CEBF1B124905CE000C1DBB1 /* 트랜디한.jpg in Resources */ = {isa = PBXBuildFile; fileRef = 2CEBF16A24905CDF00C1DBB1 /* 트랜디한.jpg */; };
		2CEBF1B224905CE000C1DBB1 /* 활동적인.jpg in Resources */ = {isa = PBXBuildFile; fileRef = 2CEBF16B24905CDF00C1DBB1 /* 활동적인.jpg */; };
		2CEBF1B324905CE000C1DBB1 /* 신기한.jpg in Resources */ = {isa = PBXBuildFile; fileRef = 2CEBF16C24905CDF00C1DBB1 /* 신기한.jpg */; };
		2CEBF1B424905CE000C1DBB1 /* 역사적인.png in Resources */ = {isa = PBXBuildFile; fileRef = 2CEBF16E24905CDF00C1DBB1 /* 역사적인.png */; };
		2CEBF1B524905CE000C1DBB1 /* 가정적인.png in Resources */ = {isa = PBXBuildFile; fileRef = 2CEBF16F24905CDF00C1DBB1 /* 가정적인.png */; };
		2CEBF1B624905CE000C1DBB1 /* 알고싶은.png in Resources */ = {isa = PBXBuildFile; fileRef = 2CEBF17024905CDF00C1DBB1 /* 알고싶은.png */; };
		2CEBF1B724905CE000C1DBB1 /* 경제적인.png in Resources */ = {isa = PBXBuildFile; fileRef = 2CEBF17124905CDF00C1DBB1 /* 경제적인.png */; };
		2CEBF1B824905CE000C1DBB1 /* 흰 가운을 입은.png in Resources */ = {isa = PBXBuildFile; fileRef = 2CEBF17224905CDF00C1DBB1 /* 흰 가운을 입은.png */; };
		2CEBF1B924905CE000C1DBB1 /* 답답한.png in Resources */ = {isa = PBXBuildFile; fileRef = 2CEBF17324905CDF00C1DBB1 /* 답답한.png */; };
		2CEBF1BA24905CE000C1DBB1 /* 무시무시한.png in Resources */ = {isa = PBXBuildFile; fileRef = 2CEBF17424905CDF00C1DBB1 /* 무시무시한.png */; };
		2CEBF1BB24905CE000C1DBB1 /* drama.jpg in Resources */ = {isa = PBXBuildFile; fileRef = 2CEBF17524905CDF00C1DBB1 /* drama.jpg */; };
		2CEBF1BC24905CE000C1DBB1 /* 내공이 뛰어난.png in Resources */ = {isa = PBXBuildFile; fileRef = 2CEBF17624905CDF00C1DBB1 /* 내공이 뛰어난.png */; };
		2CEBF1BD24905CE000C1DBB1 /* 피해를 주는.png in Resources */ = {isa = PBXBuildFile; fileRef = 2CEBF17724905CDF00C1DBB1 /* 피해를 주는.png */; };
		2CEBF1BE24905CE000C1DBB1 /* MediaThemeViewController.swift in Sources */ = {isa = PBXBuildFile; fileRef = 2CEBF17824905CDF00C1DBB1 /* MediaThemeViewController.swift */; };
		2CEBF1BF24905CE000C1DBB1 /* MediaViewController.swift in Sources */ = {isa = PBXBuildFile; fileRef = 2CEBF17924905CDF00C1DBB1 /* MediaViewController.swift */; };
		2CEBF1C024905CE000C1DBB1 /* ColorViewController.swift in Sources */ = {isa = PBXBuildFile; fileRef = 2CEBF17A24905CDF00C1DBB1 /* ColorViewController.swift */; };
		2CEBF1C124905CE000C1DBB1 /* FoodViewController.swift in Sources */ = {isa = PBXBuildFile; fileRef = 2CEBF17B24905CDF00C1DBB1 /* FoodViewController.swift */; };
		63D5042F24905B740004D677 /* SingUpViewController.swift in Sources */ = {isa = PBXBuildFile; fileRef = 63D5042E24905B740004D677 /* SingUpViewController.swift */; };
		63D5043124905B8F0004D677 /* UserModel.swift in Sources */ = {isa = PBXBuildFile; fileRef = 63D5043024905B8F0004D677 /* UserModel.swift */; };
		63D5043424905BF60004D677 /* Main.storyboard in Resources */ = {isa = PBXBuildFile; fileRef = 63D5043324905BF60004D677 /* Main.storyboard */; };
/* End PBXBuildFile section */

/* Begin PBXFileReference section */
		2CBF5704247FC4B70093A343 /* gotMyFavorite.app */ = {isa = PBXFileReference; explicitFileType = wrapper.application; includeInIndex = 0; path = gotMyFavorite.app; sourceTree = BUILT_PRODUCTS_DIR; };
		2CBF5707247FC4B70093A343 /* AppDelegate.swift */ = {isa = PBXFileReference; lastKnownFileType = sourcecode.swift; path = AppDelegate.swift; sourceTree = "<group>"; };
		2CBF5709247FC4B70093A343 /* SceneDelegate.swift */ = {isa = PBXFileReference; lastKnownFileType = sourcecode.swift; path = SceneDelegate.swift; sourceTree = "<group>"; };
		2CBF570B247FC4B70093A343 /* SignInViewController.swift */ = {isa = PBXFileReference; lastKnownFileType = sourcecode.swift; path = SignInViewController.swift; sourceTree = "<group>"; };
		2CBF5710247FC4B80093A343 /* Assets.xcassets */ = {isa = PBXFileReference; lastKnownFileType = folder.assetcatalog; path = Assets.xcassets; sourceTree = "<group>"; };
		2CBF5713247FC4B80093A343 /* Base */ = {isa = PBXFileReference; lastKnownFileType = file.storyboard; name = Base; path = Base.lproj/LaunchScreen.storyboard; sourceTree = "<group>"; };
		2CBF5715247FC4B80093A343 /* Info.plist */ = {isa = PBXFileReference; lastKnownFileType = text.plist.xml; path = Info.plist; sourceTree = "<group>"; };
		2CEBF12B24905CDF00C1DBB1 /* Base */ = {isa = PBXFileReference; lastKnownFileType = file.storyboard; name = Base; path = Base.lproj/getFavorite.storyboard; sourceTree = "<group>"; };
		2CEBF12E24905CDF00C1DBB1 /* chicken.jpg */ = {isa = PBXFileReference; lastKnownFileType = image.jpeg; path = chicken.jpg; sourceTree = "<group>"; };
		2CEBF12F24905CDF00C1DBB1 /* steak.jpg */ = {isa = PBXFileReference; lastKnownFileType = image.jpeg; path = steak.jpg; sourceTree = "<group>"; };
		2CEBF13224905CDF00C1DBB1 /* music.jpg */ = {isa = PBXFileReference; lastKnownFileType = image.jpeg; path = music.jpg; sourceTree = "<group>"; };
		2CEBF13424905CDF00C1DBB1 /* 경쟁 하는.png */ = {isa = PBXFileReference; lastKnownFileType = image.png; path = "경쟁 하는.png"; sourceTree = "<group>"; };
		2CEBF13524905CDF00C1DBB1 /* Movie.jpg */ = {isa = PBXFileReference; lastKnownFileType = image.jpeg; path = Movie.jpg; sourceTree = "<group>"; };
		2CEBF13624905CDF00C1DBB1 /* 역동적인.png */ = {isa = PBXFileReference; lastKnownFileType = image.png; path = "역동적인.png"; sourceTree = "<group>"; };
		2CEBF13724905CDF00C1DBB1 /* 유머 있는.png */ = {isa = PBXFileReference; lastKnownFileType = image.png; path = "유머 있는.png"; sourceTree = "<group>"; };
		2CEBF13824905CDF00C1DBB1 /* 환상적인.png */ = {isa = PBXFileReference; lastKnownFileType = image.png; path = "환상적인.png"; sourceTree = "<group>"; };
		2CEBF13924905CDF00C1DBB1 /* 최첨단.png */ = {isa = PBXFileReference; lastKnownFileType = image.png; path = "최첨단.png"; sourceTree = "<group>"; };
		2CEBF13A24905CDF00C1DBB1 /* 사랑스러운.png */ = {isa = PBXFileReference; lastKnownFileType = image.png; path = "사랑스러운.png"; sourceTree = "<group>"; };
		2CEBF13B24905CDF00C1DBB1 /* 학살 하는.png */ = {isa = PBXFileReference; lastKnownFileType = image.png; path = "학살 하는.png"; sourceTree = "<group>"; };
		2CEBF13C24905CDF00C1DBB1 /* 리듬감 있는.png */ = {isa = PBXFileReference; lastKnownFileType = image.png; path = "리듬감 있는.png"; sourceTree = "<group>"; };
		2CEBF13D24905CDF00C1DBB1 /* 소름 돋는.png */ = {isa = PBXFileReference; lastKnownFileType = image.png; path = "소름 돋는.png"; sourceTree = "<group>"; };
		2CEBF13F24905CDF00C1DBB1 /* entertainment.jpg */ = {isa = PBXFileReference; lastKnownFileType = image.jpeg; path = entertainment.jpg; sourceTree = "<group>"; };
		2CEBF14124905CDF00C1DBB1 /* game.jpg */ = {isa = PBXFileReference; lastKnownFileType = image.jpeg; path = game.jpg; sourceTree = "<group>"; };
		2CEBF14224905CDF00C1DBB1 /* 총 비슷한 거 쏘는.png */ = {isa = PBXFileReference; lastKnownFileType = image.png; path = "총 비슷한 거 쏘는.png"; sourceTree = "<group>"; };
		2CEBF14324905CDF00C1DBB1 /* 레이드 뛰러가는.png */ = {isa = PBXFileReference; lastKnownFileType = image.png; path = "레이드 뛰러가는.png"; sourceTree = "<group>"; };
		2CEBF14424905CDF00C1DBB1 /* 분주한.png */ = {isa = PBXFileReference; lastKnownFileType = image.png; path = "분주한.png"; sourceTree = "<group>"; };
		2CEBF14524905CDF00C1DBB1 /* 총 좀 쏘는.png */ = {isa = PBXFileReference; lastKnownFileType = image.png; path = "총 좀 쏘는.png"; sourceTree = "<group>"; };
		2CEBF14624905CDF00C1DBB1 /* 총 줏어 쏘는.png */ = {isa = PBXFileReference; lastKnownFileType = image.png; path = "총 줏어 쏘는.png"; sourceTree = "<group>"; };
		2CEBF14724905CDF00C1DBB1 /* 손가락으로 공 차는.png */ = {isa = PBXFileReference; lastKnownFileType = image.png; path = "손가락으로 공 차는.png"; sourceTree = "<group>"; };
		2CEBF14824905CDF00C1DBB1 /* 인디한.png */ = {isa = PBXFileReference; lastKnownFileType = image.png; path = "인디한.png"; sourceTree = "<group>"; };
		2CEBF14924905CDF00C1DBB1 /* 상납하는.png */ = {isa = PBXFileReference; lastKnownFileType = image.png; path = "상납하는.png"; sourceTree = "<group>"; };
		2CEBF14A24905CDF00C1DBB1 /* 협곡에 사는.png */ = {isa = PBXFileReference; lastKnownFileType = image.png; path = "협곡에 사는.png"; sourceTree = "<group>"; };
		2CEBF14C24905CDF00C1DBB1 /* 퍼팅하는.jpg */ = {isa = PBXFileReference; lastKnownFileType = image.jpeg; path = "퍼팅하는.jpg"; sourceTree = "<group>"; };
		2CEBF14D24905CDF00C1DBB1 /* 스매싱하는.jpg */ = {isa = PBXFileReference; lastKnownFileType = image.jpeg; path = "스매싱하는.jpg"; sourceTree = "<group>"; };
		2CEBF14E24905CDF00C1DBB1 /* 홈런치는.jpg */ = {isa = PBXFileReference; lastKnownFileType = image.jpeg; path = "홈런치는.jpg"; sourceTree = "<group>"; };
		2CEBF14F24905CDF00C1DBB1 /* sports.jpg */ = {isa = PBXFileReference; lastKnownFileType = image.jpeg; path = sports.jpg; sourceTree = "<group>"; };
		2CEBF15024905CDF00C1DBB1 /* 스파이크하는.jpg */ = {isa = PBXFileReference; lastKnownFileType = image.jpeg; path = "스파이크하는.jpg"; sourceTree = "<group>"; };
		2CEBF15124905CDF00C1DBB1 /* 쿠션넣는.jpg */ = {isa = PBXFileReference; lastKnownFileType = image.jpeg; path = "쿠션넣는.jpg"; sourceTree = "<group>"; };
		2CEBF15224905CDF00C1DBB1 /* 치고받는.jpg */ = {isa = PBXFileReference; lastKnownFileType = image.jpeg; path = "치고받는.jpg"; sourceTree = "<group>"; };
		2CEBF15324905CDF00C1DBB1 /* 엣지넣는.jpg */ = {isa = PBXFileReference; lastKnownFileType = image.jpeg; path = "엣지넣는.jpg"; sourceTree = "<group>"; };
		2CEBF15424905CDF00C1DBB1 /* 공좀차는.jpg */ = {isa = PBXFileReference; lastKnownFileType = image.jpeg; path = "공좀차는.jpg"; sourceTree = "<group>"; };
		2CEBF15524905CDF00C1DBB1 /* 스핀넣는.jpg */ = {isa = PBXFileReference; lastKnownFileType = image.jpeg; path = "스핀넣는.jpg"; sourceTree = "<group>"; };
		2CEBF15724905CDF00C1DBB1 /* 기어다니는.png */ = {isa = PBXFileReference; lastKnownFileType = image.png; path = "기어다니는.png"; sourceTree = "<group>"; };
		2CEBF15824905CDF00C1DBB1 /* 간이 배 밖으로 나온.png */ = {isa = PBXFileReference; lastKnownFileType = image.png; path = "간이 배 밖으로 나온.png"; sourceTree = "<group>"; };
		2CEBF15924905CDF00C1DBB1 /* 헥헥대는.png */ = {isa = PBXFileReference; lastKnownFileType = image.png; path = "헥헥대는.png"; sourceTree = "<group>"; };
		2CEBF15A24905CDF00C1DBB1 /* 헤엄치는.png */ = {isa = PBXFileReference; lastKnownFileType = image.png; path = "헤엄치는.png"; sourceTree = "<group>"; };
		2CEBF15B24905CDF00C1DBB1 /* 느릿느릿한.png */ = {isa = PBXFileReference; lastKnownFileType = image.png; path = "느릿느릿한.png"; sourceTree = "<group>"; };
		2CEBF15C24905CDF00C1DBB1 /* 통실통실한.png */ = {isa = PBXFileReference; lastKnownFileType = image.png; path = "통실통실한.png"; sourceTree = "<group>"; };
		2CEBF15D24905CDF00C1DBB1 /* 작은.png */ = {isa = PBXFileReference; lastKnownFileType = image.png; path = "작은.png"; sourceTree = "<group>"; };
		2CEBF15E24905CDF00C1DBB1 /* 지저귀는.png */ = {isa = PBXFileReference; lastKnownFileType = image.png; path = "지저귀는.png"; sourceTree = "<group>"; };
		2CEBF15F24905CDF00C1DBB1 /* pet.jpg */ = {isa = PBXFileReference; lastKnownFileType = image.jpeg; path = pet.jpg; sourceTree = "<group>"; };
		2CEBF16024905CDF00C1DBB1 /* 도도한.png */ = {isa = PBXFileReference; lastKnownFileType = image.png; path = "도도한.png"; sourceTree = "<group>"; };
		2CEBF16224905CDF00C1DBB1 /* news.jpg */ = {isa = PBXFileReference; lastKnownFileType = image.jpeg; path = news.jpg; sourceTree = "<group>"; };
		2CEBF16324905CDF00C1DBB1 /* 우산쓰는.jpg */ = {isa = PBXFileReference; lastKnownFileType = image.jpeg; path = "우산쓰는.jpg"; sourceTree = "<group>"; };
		2CEBF16424905CDF00C1DBB1 /* 사회적인.jpg */ = {isa = PBXFileReference; lastKnownFileType = image.jpeg; path = "사회적인.jpg"; sourceTree = "<group>"; };
		2CEBF16524905CDF00C1DBB1 /* 화려한.jpg */ = {isa = PBXFileReference; lastKnownFileType = image.jpeg; path = "화려한.jpg"; sourceTree = "<group>"; };
		2CEBF16624905CDF00C1DBB1 /* 부자가되고싶은.jpg */ = {isa = PBXFileReference; lastKnownFileType = image.jpeg; path = "부자가되고싶은.jpg"; sourceTree = "<group>"; };
		2CEBF16724905CDF00C1DBB1 /* 넓은.jpg */ = {isa = PBXFileReference; lastKnownFileType = image.jpeg; path = "넓은.jpg"; sourceTree = "<group>"; };
		2CEBF16824905CDF00C1DBB1 /* 싸움잘하는.jpg */ = {isa = PBXFileReference; lastKnownFileType = image.jpeg; path = "싸움잘하는.jpg"; sourceTree = "<group>"; };
		2CEBF16924905CDF00C1DBB1 /* 생활력강한.jpg */ = {isa = PBXFileReference; lastKnownFileType = image.jpeg; path = "생활력강한.jpg"; sourceTree = "<group>"; };
		2CEBF16A24905CDF00C1DBB1 /* 트랜디한.jpg */ = {isa = PBXFileReference; lastKnownFileType = image.jpeg; path = "트랜디한.jpg"; sourceTree = "<group>"; };
		2CEBF16B24905CDF00C1DBB1 /* 활동적인.jpg */ = {isa = PBXFileReference; lastKnownFileType = image.jpeg; path = "활동적인.jpg"; sourceTree = "<group>"; };
		2CEBF16C24905CDF00C1DBB1 /* 신기한.jpg */ = {isa = PBXFileReference; lastKnownFileType = image.jpeg; path = "신기한.jpg"; sourceTree = "<group>"; };
		2CEBF16E24905CDF00C1DBB1 /* 역사적인.png */ = {isa = PBXFileReference; lastKnownFileType = image.png; path = "역사적인.png"; sourceTree = "<group>"; };
		2CEBF16F24905CDF00C1DBB1 /* 가정적인.png */ = {isa = PBXFileReference; lastKnownFileType = image.png; path = "가정적인.png"; sourceTree = "<group>"; };
		2CEBF17024905CDF00C1DBB1 /* 알고싶은.png */ = {isa = PBXFileReference; lastKnownFileType = image.png; path = "알고싶은.png"; sourceTree = "<group>"; };
		2CEBF17124905CDF00C1DBB1 /* 경제적인.png */ = {isa = PBXFileReference; lastKnownFileType = image.png; path = "경제적인.png"; sourceTree = "<group>"; };
		2CEBF17224905CDF00C1DBB1 /* 흰 가운을 입은.png */ = {isa = PBXFileReference; lastKnownFileType = image.png; path = "흰 가운을 입은.png"; sourceTree = "<group>"; };
		2CEBF17324905CDF00C1DBB1 /* 답답한.png */ = {isa = PBXFileReference; lastKnownFileType = image.png; path = "답답한.png"; sourceTree = "<group>"; };
		2CEBF17424905CDF00C1DBB1 /* 무시무시한.png */ = {isa = PBXFileReference; lastKnownFileType = image.png; path = "무시무시한.png"; sourceTree = "<group>"; };
		2CEBF17524905CDF00C1DBB1 /* drama.jpg */ = {isa = PBXFileReference; lastKnownFileType = image.jpeg; path = drama.jpg; sourceTree = "<group>"; };
		2CEBF17624905CDF00C1DBB1 /* 내공이 뛰어난.png */ = {isa = PBXFileReference; lastKnownFileType = image.png; path = "내공이 뛰어난.png"; sourceTree = "<group>"; };
		2CEBF17724905CDF00C1DBB1 /* 피해를 주는.png */ = {isa = PBXFileReference; lastKnownFileType = image.png; path = "피해를 주는.png"; sourceTree = "<group>"; };
		2CEBF17824905CDF00C1DBB1 /* MediaThemeViewController.swift */ = {isa = PBXFileReference; fileEncoding = 4; lastKnownFileType = sourcecode.swift; path = MediaThemeViewController.swift; sourceTree = "<group>"; };
		2CEBF17924905CDF00C1DBB1 /* MediaViewController.swift */ = {isa = PBXFileReference; fileEncoding = 4; lastKnownFileType = sourcecode.swift; path = MediaViewController.swift; sourceTree = "<group>"; };
		2CEBF17A24905CDF00C1DBB1 /* ColorViewController.swift */ = {isa = PBXFileReference; fileEncoding = 4; lastKnownFileType = sourcecode.swift; path = ColorViewController.swift; sourceTree = "<group>"; };
		2CEBF17B24905CDF00C1DBB1 /* FoodViewController.swift */ = {isa = PBXFileReference; fileEncoding = 4; lastKnownFileType = sourcecode.swift; path = FoodViewController.swift; sourceTree = "<group>"; };
		63D5042E24905B740004D677 /* SingUpViewController.swift */ = {isa = PBXFileReference; lastKnownFileType = sourcecode.swift; path = SingUpViewController.swift; sourceTree = "<group>"; };
		63D5043024905B8F0004D677 /* UserModel.swift */ = {isa = PBXFileReference; fileEncoding = 4; lastKnownFileType = sourcecode.swift; path = UserModel.swift; sourceTree = "<group>"; };
		63D5043324905BF60004D677 /* Main.storyboard */ = {isa = PBXFileReference; fileEncoding = 4; lastKnownFileType = file.storyboard; path = Main.storyboard; sourceTree = "<group>"; };
/* End PBXFileReference section */

/* Begin PBXFrameworksBuildPhase section */
		2CBF5701247FC4B70093A343 /* Frameworks */ = {
			isa = PBXFrameworksBuildPhase;
			buildActionMask = 2147483647;
			files = (
			);
			runOnlyForDeploymentPostprocessing = 0;
		};
/* End PBXFrameworksBuildPhase section */

/* Begin PBXGroup section */
		2CBF56FB247FC4B70093A343 = {
			isa = PBXGroup;
			children = (
				2CBF5706247FC4B70093A343 /* gotMyFavorite */,
				2CBF5705247FC4B70093A343 /* Products */,
			);
			sourceTree = "<group>";
		};
		2CBF5705247FC4B70093A343 /* Products */ = {
			isa = PBXGroup;
			children = (
				2CBF5704247FC4B70093A343 /* gotMyFavorite.app */,
			);
			name = Products;
			sourceTree = "<group>";
		};
		2CBF5706247FC4B70093A343 /* gotMyFavorite */ = {
			isa = PBXGroup;
			children = (
				2CBF571B247FC4DE0093A343 /* Supporting */,
				63D5043224905BBD0004D677 /* signInUp */,
				2CBF5715247FC4B80093A343 /* Info.plist */,
				2CEBF12924905CDF00C1DBB1 /* getFavorite */,
			);
			path = gotMyFavorite;
			sourceTree = "<group>";
		};
		2CBF571B247FC4DE0093A343 /* Supporting */ = {
			isa = PBXGroup;
			children = (
				2CBF5707247FC4B70093A343 /* AppDelegate.swift */,
				2CBF5710247FC4B80093A343 /* Assets.xcassets */,
				2CBF5709247FC4B70093A343 /* SceneDelegate.swift */,
				2CBF5712247FC4B80093A343 /* LaunchScreen.storyboard */,
			);
			path = Supporting;
			sourceTree = "<group>";
		};
		2CEBF12924905CDF00C1DBB1 /* getFavorite */ = {
			isa = PBXGroup;
			children = (
				2CEBF12A24905CDF00C1DBB1 /* getFavorite.storyboard */,
				2CEBF12C24905CDF00C1DBB1 /* image */,
				2CEBF17824905CDF00C1DBB1 /* MediaThemeViewController.swift */,
				2CEBF17924905CDF00C1DBB1 /* MediaViewController.swift */,
				2CEBF17A24905CDF00C1DBB1 /* ColorViewController.swift */,
				2CEBF17B24905CDF00C1DBB1 /* FoodViewController.swift */,
			);
			name = getFavorite;
			path = ../../UITest/UITest/getFavorite;
			sourceTree = "<group>";
		};
		2CEBF12C24905CDF00C1DBB1 /* image */ = {
			isa = PBXGroup;
			children = (
				2CEBF12D24905CDF00C1DBB1 /* food */,
				2CEBF13024905CDF00C1DBB1 /* media */,
			);
			path = image;
			sourceTree = "<group>";
		};
		2CEBF12D24905CDF00C1DBB1 /* food */ = {
			isa = PBXGroup;
			children = (
				2CEBF12E24905CDF00C1DBB1 /* chicken.jpg */,
				2CEBF12F24905CDF00C1DBB1 /* steak.jpg */,
			);
			path = food;
			sourceTree = "<group>";
		};
		2CEBF13024905CDF00C1DBB1 /* media */ = {
			isa = PBXGroup;
			children = (
				2CEBF13124905CDF00C1DBB1 /* music */,
				2CEBF13324905CDF00C1DBB1 /* movie */,
				2CEBF13E24905CDF00C1DBB1 /* entertainment */,
				2CEBF14024905CDF00C1DBB1 /* game */,
				2CEBF14B24905CDF00C1DBB1 /* sports */,
				2CEBF15624905CDF00C1DBB1 /* pet */,
				2CEBF16124905CDF00C1DBB1 /* news */,
				2CEBF16D24905CDF00C1DBB1 /* drama */,
			);
			path = media;
			sourceTree = "<group>";
		};
		2CEBF13124905CDF00C1DBB1 /* music */ = {
			isa = PBXGroup;
			children = (
				2CEBF13224905CDF00C1DBB1 /* music.jpg */,
			);
			path = music;
			sourceTree = "<group>";
		};
		2CEBF13324905CDF00C1DBB1 /* movie */ = {
			isa = PBXGroup;
			children = (
				2CEBF13424905CDF00C1DBB1 /* 경쟁 하는.png */,
				2CEBF13524905CDF00C1DBB1 /* Movie.jpg */,
				2CEBF13624905CDF00C1DBB1 /* 역동적인.png */,
				2CEBF13724905CDF00C1DBB1 /* 유머 있는.png */,
				2CEBF13824905CDF00C1DBB1 /* 환상적인.png */,
				2CEBF13924905CDF00C1DBB1 /* 최첨단.png */,
				2CEBF13A24905CDF00C1DBB1 /* 사랑스러운.png */,
				2CEBF13B24905CDF00C1DBB1 /* 학살 하는.png */,
				2CEBF13C24905CDF00C1DBB1 /* 리듬감 있는.png */,
				2CEBF13D24905CDF00C1DBB1 /* 소름 돋는.png */,
			);
			path = movie;
			sourceTree = "<group>";
		};
		2CEBF13E24905CDF00C1DBB1 /* entertainment */ = {
			isa = PBXGroup;
			children = (
				2CEBF13F24905CDF00C1DBB1 /* entertainment.jpg */,
			);
			path = entertainment;
			sourceTree = "<group>";
		};
		2CEBF14024905CDF00C1DBB1 /* game */ = {
			isa = PBXGroup;
			children = (
				2CEBF14124905CDF00C1DBB1 /* game.jpg */,
				2CEBF14224905CDF00C1DBB1 /* 총 비슷한 거 쏘는.png */,
				2CEBF14324905CDF00C1DBB1 /* 레이드 뛰러가는.png */,
				2CEBF14424905CDF00C1DBB1 /* 분주한.png */,
				2CEBF14524905CDF00C1DBB1 /* 총 좀 쏘는.png */,
				2CEBF14624905CDF00C1DBB1 /* 총 줏어 쏘는.png */,
				2CEBF14724905CDF00C1DBB1 /* 손가락으로 공 차는.png */,
				2CEBF14824905CDF00C1DBB1 /* 인디한.png */,
				2CEBF14924905CDF00C1DBB1 /* 상납하는.png */,
				2CEBF14A24905CDF00C1DBB1 /* 협곡에 사는.png */,
			);
			path = game;
			sourceTree = "<group>";
		};
		2CEBF14B24905CDF00C1DBB1 /* sports */ = {
			isa = PBXGroup;
			children = (
				2CEBF14C24905CDF00C1DBB1 /* 퍼팅하는.jpg */,
				2CEBF14D24905CDF00C1DBB1 /* 스매싱하는.jpg */,
				2CEBF14E24905CDF00C1DBB1 /* 홈런치는.jpg */,
				2CEBF14F24905CDF00C1DBB1 /* sports.jpg */,
				2CEBF15024905CDF00C1DBB1 /* 스파이크하는.jpg */,
				2CEBF15124905CDF00C1DBB1 /* 쿠션넣는.jpg */,
				2CEBF15224905CDF00C1DBB1 /* 치고받는.jpg */,
				2CEBF15324905CDF00C1DBB1 /* 엣지넣는.jpg */,
				2CEBF15424905CDF00C1DBB1 /* 공좀차는.jpg */,
				2CEBF15524905CDF00C1DBB1 /* 스핀넣는.jpg */,
			);
			path = sports;
			sourceTree = "<group>";
		};
		2CEBF15624905CDF00C1DBB1 /* pet */ = {
			isa = PBXGroup;
			children = (
				2CEBF15724905CDF00C1DBB1 /* 기어다니는.png */,
				2CEBF15824905CDF00C1DBB1 /* 간이 배 밖으로 나온.png */,
				2CEBF15924905CDF00C1DBB1 /* 헥헥대는.png */,
				2CEBF15A24905CDF00C1DBB1 /* 헤엄치는.png */,
				2CEBF15B24905CDF00C1DBB1 /* 느릿느릿한.png */,
				2CEBF15C24905CDF00C1DBB1 /* 통실통실한.png */,
				2CEBF15D24905CDF00C1DBB1 /* 작은.png */,
				2CEBF15E24905CDF00C1DBB1 /* 지저귀는.png */,
				2CEBF15F24905CDF00C1DBB1 /* pet.jpg */,
				2CEBF16024905CDF00C1DBB1 /* 도도한.png */,
			);
			path = pet;
			sourceTree = "<group>";
		};
		2CEBF16124905CDF00C1DBB1 /* news */ = {
			isa = PBXGroup;
			children = (
				2CEBF16224905CDF00C1DBB1 /* news.jpg */,
				2CEBF16324905CDF00C1DBB1 /* 우산쓰는.jpg */,
				2CEBF16424905CDF00C1DBB1 /* 사회적인.jpg */,
				2CEBF16524905CDF00C1DBB1 /* 화려한.jpg */,
				2CEBF16624905CDF00C1DBB1 /* 부자가되고싶은.jpg */,
				2CEBF16724905CDF00C1DBB1 /* 넓은.jpg */,
				2CEBF16824905CDF00C1DBB1 /* 싸움잘하는.jpg */,
				2CEBF16924905CDF00C1DBB1 /* 생활력강한.jpg */,
				2CEBF16A24905CDF00C1DBB1 /* 트랜디한.jpg */,
				2CEBF16B24905CDF00C1DBB1 /* 활동적인.jpg */,
				2CEBF16C24905CDF00C1DBB1 /* 신기한.jpg */,
			);
			path = news;
			sourceTree = "<group>";
		};
		2CEBF16D24905CDF00C1DBB1 /* drama */ = {
			isa = PBXGroup;
			children = (
				2CEBF16E24905CDF00C1DBB1 /* 역사적인.png */,
				2CEBF16F24905CDF00C1DBB1 /* 가정적인.png */,
				2CEBF17024905CDF00C1DBB1 /* 알고싶은.png */,
				2CEBF17124905CDF00C1DBB1 /* 경제적인.png */,
				2CEBF17224905CDF00C1DBB1 /* 흰 가운을 입은.png */,
				2CEBF17324905CDF00C1DBB1 /* 답답한.png */,
				2CEBF17424905CDF00C1DBB1 /* 무시무시한.png */,
				2CEBF17524905CDF00C1DBB1 /* drama.jpg */,
				2CEBF17624905CDF00C1DBB1 /* 내공이 뛰어난.png */,
				2CEBF17724905CDF00C1DBB1 /* 피해를 주는.png */,
			);
			path = drama;
			sourceTree = "<group>";
		};
		63D5043224905BBD0004D677 /* signInUp */ = {
			isa = PBXGroup;
			children = (
				2CBF570B247FC4B70093A343 /* SignInViewController.swift */,
				63D5043324905BF60004D677 /* Main.storyboard */,
				63D5042E24905B740004D677 /* SingUpViewController.swift */,
				63D5043024905B8F0004D677 /* UserModel.swift */,
			);
			path = signInUp;
			sourceTree = "<group>";
		};
/* End PBXGroup section */

/* Begin PBXNativeTarget section */
		2CBF5703247FC4B70093A343 /* gotMyFavorite */ = {
			isa = PBXNativeTarget;
			buildConfigurationList = 2CBF5718247FC4B80093A343 /* Build configuration list for PBXNativeTarget "gotMyFavorite" */;
			buildPhases = (
				2CBF5700247FC4B70093A343 /* Sources */,
				2CBF5701247FC4B70093A343 /* Frameworks */,
				2CBF5702247FC4B70093A343 /* Resources */,
			);
			buildRules = (
			);
			dependencies = (
			);
			name = gotMyFavorite;
			productName = gotMyFavorite;
			productReference = 2CBF5704247FC4B70093A343 /* gotMyFavorite.app */;
			productType = "com.apple.product-type.application";
		};
/* End PBXNativeTarget section */

/* Begin PBXProject section */
		2CBF56FC247FC4B70093A343 /* Project object */ = {
			isa = PBXProject;
			attributes = {
				LastSwiftUpdateCheck = 1140;
				LastUpgradeCheck = 1140;
				ORGANIZATIONNAME = COMP420;
				TargetAttributes = {
					2CBF5703247FC4B70093A343 = {
						CreatedOnToolsVersion = 11.4.1;
					};
				};
			};
			buildConfigurationList = 2CBF56FF247FC4B70093A343 /* Build configuration list for PBXProject "gotMyFavorite" */;
			compatibilityVersion = "Xcode 9.3";
			developmentRegion = en;
			hasScannedForEncodings = 0;
			knownRegions = (
				en,
				Base,
			);
			mainGroup = 2CBF56FB247FC4B70093A343;
			productRefGroup = 2CBF5705247FC4B70093A343 /* Products */;
			projectDirPath = "";
			projectRoot = "";
			targets = (
				2CBF5703247FC4B70093A343 /* gotMyFavorite */,
			);
		};
/* End PBXProject section */

/* Begin PBXResourcesBuildPhase section */
		2CBF5702247FC4B70093A343 /* Resources */ = {
			isa = PBXResourcesBuildPhase;
			buildActionMask = 2147483647;
			files = (
				2CEBF1B724905CE000C1DBB1 /* 경제적인.png in Resources */,
				2CEBF1A324905CE000C1DBB1 /* 느릿느릿한.png in Resources */,
				2CEBF1A124905CE000C1DBB1 /* 헥헥대는.png in Resources */,
				2CEBF1A724905CE000C1DBB1 /* pet.jpg in Resources */,
				2CEBF1A424905CE000C1DBB1 /* 통실통실한.png in Resources */,
				2CEBF18D24905CE000C1DBB1 /* 레이드 뛰러가는.png in Resources */,
				2CEBF1B924905CE000C1DBB1 /* 답답한.png in Resources */,
				2CEBF18824905CE000C1DBB1 /* 리듬감 있는.png in Resources */,
				2CEBF18124905CE000C1DBB1 /* Movie.jpg in Resources */,
				2CEBF1B024905CE000C1DBB1 /* 생활력강한.jpg in Resources */,
				2CEBF19124905CE000C1DBB1 /* 손가락으로 공 차는.png in Resources */,
				2CEBF19824905CE000C1DBB1 /* sports.jpg in Resources */,
				2CEBF19324905CE000C1DBB1 /* 상납하는.png in Resources */,
				2CEBF1B124905CE000C1DBB1 /* 트랜디한.jpg in Resources */,
				2CEBF1AC24905CE000C1DBB1 /* 화려한.jpg in Resources */,
				2CEBF1B824905CE000C1DBB1 /* 흰 가운을 입은.png in Resources */,
				2CEBF18A24905CE000C1DBB1 /* entertainment.jpg in Resources */,
				2CEBF18724905CE000C1DBB1 /* 학살 하는.png in Resources */,
				2CEBF1A224905CE000C1DBB1 /* 헤엄치는.png in Resources */,
				2CEBF19424905CE000C1DBB1 /* 협곡에 사는.png in Resources */,
				2CEBF1BD24905CE000C1DBB1 /* 피해를 주는.png in Resources */,
				2CEBF19C24905CE000C1DBB1 /* 엣지넣는.jpg in Resources */,
				2CBF5714247FC4B80093A343 /* LaunchScreen.storyboard in Resources */,
				2CEBF19624905CE000C1DBB1 /* 스매싱하는.jpg in Resources */,
				2CEBF1B624905CE000C1DBB1 /* 알고싶은.png in Resources */,
				2CEBF18E24905CE000C1DBB1 /* 분주한.png in Resources */,
				2CEBF18C24905CE000C1DBB1 /* 총 비슷한 거 쏘는.png in Resources */,
				2CEBF1B424905CE000C1DBB1 /* 역사적인.png in Resources */,
				2CEBF19524905CE000C1DBB1 /* 퍼팅하는.jpg in Resources */,
				2CEBF19A24905CE000C1DBB1 /* 쿠션넣는.jpg in Resources */,
				2CEBF17F24905CDF00C1DBB1 /* music.jpg in Resources */,
				2CEBF18F24905CE000C1DBB1 /* 총 좀 쏘는.png in Resources */,
				2CEBF19F24905CE000C1DBB1 /* 기어다니는.png in Resources */,
				2CEBF1B224905CE000C1DBB1 /* 활동적인.jpg in Resources */,
				2CEBF19D24905CE000C1DBB1 /* 공좀차는.jpg in Resources */,
				2CEBF1AA24905CE000C1DBB1 /* 우산쓰는.jpg in Resources */,
				2CEBF19024905CE000C1DBB1 /* 총 줏어 쏘는.png in Resources */,
				2CEBF1B324905CE000C1DBB1 /* 신기한.jpg in Resources */,
				2CEBF1A624905CE000C1DBB1 /* 지저귀는.png in Resources */,
				2CEBF18624905CE000C1DBB1 /* 사랑스러운.png in Resources */,
				2CEBF18B24905CE000C1DBB1 /* game.jpg in Resources */,
				2CBF5711247FC4B80093A343 /* Assets.xcassets in Resources */,
				2CEBF1A824905CE000C1DBB1 /* 도도한.png in Resources */,
				2CEBF1BC24905CE000C1DBB1 /* 내공이 뛰어난.png in Resources */,
				2CEBF1BB24905CE000C1DBB1 /* drama.jpg in Resources */,
				2CEBF1BA24905CE000C1DBB1 /* 무시무시한.png in Resources */,
				2CEBF1A024905CE000C1DBB1 /* 간이 배 밖으로 나온.png in Resources */,
				2CEBF18024905CDF00C1DBB1 /* 경쟁 하는.png in Resources */,
				2CEBF1B524905CE000C1DBB1 /* 가정적인.png in Resources */,
				2CEBF18224905CE000C1DBB1 /* 역동적인.png in Resources */,
				63D5043424905BF60004D677 /* Main.storyboard in Resources */,
				2CEBF1AB24905CE000C1DBB1 /* 사회적인.jpg in Resources */,
				2CEBF1AF24905CE000C1DBB1 /* 싸움잘하는.jpg in Resources */,
				2CEBF19224905CE000C1DBB1 /* 인디한.png in Resources */,
				2CEBF19924905CE000C1DBB1 /* 스파이크하는.jpg in Resources */,
				2CEBF19E24905CE000C1DBB1 /* 스핀넣는.jpg in Resources */,
				2CEBF1A524905CE000C1DBB1 /* 작은.png in Resources */,
				2CEBF1A924905CE000C1DBB1 /* news.jpg in Resources */,
				2CEBF19B24905CE000C1DBB1 /* 치고받는.jpg in Resources */,
				2CEBF17C24905CDF00C1DBB1 /* getFavorite.storyboard in Resources */,
				2CEBF18424905CE000C1DBB1 /* 환상적인.png in Resources */,
				2CEBF18924905CE000C1DBB1 /* 소름 돋는.png in Resources */,
				2CEBF18524905CE000C1DBB1 /* 최첨단.png in Resources */,
				2CEBF17E24905CDF00C1DBB1 /* steak.jpg in Resources */,
				2CEBF19724905CE000C1DBB1 /* 홈런치는.jpg in Resources */,
				2CEBF18324905CE000C1DBB1 /* 유머 있는.png in Resources */,
				2CEBF1AD24905CE000C1DBB1 /* 부자가되고싶은.jpg in Resources */,
				2CEBF1AE24905CE000C1DBB1 /* 넓은.jpg in Resources */,
				2CEBF17D24905CDF00C1DBB1 /* chicken.jpg in Resources */,
			);
			runOnlyForDeploymentPostprocessing = 0;
		};
/* End PBXResourcesBuildPhase section */

/* Begin PBXSourcesBuildPhase section */
		2CBF5700247FC4B70093A343 /* Sources */ = {
			isa = PBXSourcesBuildPhase;
			buildActionMask = 2147483647;
			files = (
				2CBF570C247FC4B70093A343 /* SignInViewController.swift in Sources */,
				2CEBF1BF24905CE000C1DBB1 /* MediaViewController.swift in Sources */,
				2CEBF1C024905CE000C1DBB1 /* ColorViewController.swift in Sources */,
				2CEBF1BE24905CE000C1DBB1 /* MediaThemeViewController.swift in Sources */,
				2CEBF1C124905CE000C1DBB1 /* FoodViewController.swift in Sources */,
				2CBF5708247FC4B70093A343 /* AppDelegate.swift in Sources */,
				63D5042F24905B740004D677 /* SingUpViewController.swift in Sources */,
				63D5043124905B8F0004D677 /* UserModel.swift in Sources */,
				2CBF570A247FC4B70093A343 /* SceneDelegate.swift in Sources */,
			);
			runOnlyForDeploymentPostprocessing = 0;
		};
/* End PBXSourcesBuildPhase section */

/* Begin PBXVariantGroup section */
		2CBF5712247FC4B80093A343 /* LaunchScreen.storyboard */ = {
			isa = PBXVariantGroup;
			children = (
				2CBF5713247FC4B80093A343 /* Base */,
			);
			name = LaunchScreen.storyboard;
			sourceTree = "<group>";
		};
		2CEBF12A24905CDF00C1DBB1 /* getFavorite.storyboard */ = {
			isa = PBXVariantGroup;
			children = (
				2CEBF12B24905CDF00C1DBB1 /* Base */,
			);
			name = getFavorite.storyboard;
			sourceTree = "<group>";
		};
/* End PBXVariantGroup section */

/* Begin XCBuildConfiguration section */
		2CBF5716247FC4B80093A343 /* Debug */ = {
			isa = XCBuildConfiguration;
			buildSettings = {
				ALWAYS_SEARCH_USER_PATHS = NO;
				CLANG_ANALYZER_NONNULL = YES;
				CLANG_ANALYZER_NUMBER_OBJECT_CONVERSION = YES_AGGRESSIVE;
				CLANG_CXX_LANGUAGE_STANDARD = "gnu++14";
				CLANG_CXX_LIBRARY = "libc++";
				CLANG_ENABLE_MODULES = YES;
				CLANG_ENABLE_OBJC_ARC = YES;
				CLANG_ENABLE_OBJC_WEAK = YES;
				CLANG_WARN_BLOCK_CAPTURE_AUTORELEASING = YES;
				CLANG_WARN_BOOL_CONVERSION = YES;
				CLANG_WARN_COMMA = YES;
				CLANG_WARN_CONSTANT_CONVERSION = YES;
				CLANG_WARN_DEPRECATED_OBJC_IMPLEMENTATIONS = YES;
				CLANG_WARN_DIRECT_OBJC_ISA_USAGE = YES_ERROR;
				CLANG_WARN_DOCUMENTATION_COMMENTS = YES;
				CLANG_WARN_EMPTY_BODY = YES;
				CLANG_WARN_ENUM_CONVERSION = YES;
				CLANG_WARN_INFINITE_RECURSION = YES;
				CLANG_WARN_INT_CONVERSION = YES;
				CLANG_WARN_NON_LITERAL_NULL_CONVERSION = YES;
				CLANG_WARN_OBJC_IMPLICIT_RETAIN_SELF = YES;
				CLANG_WARN_OBJC_LITERAL_CONVERSION = YES;
				CLANG_WARN_OBJC_ROOT_CLASS = YES_ERROR;
				CLANG_WARN_RANGE_LOOP_ANALYSIS = YES;
				CLANG_WARN_STRICT_PROTOTYPES = YES;
				CLANG_WARN_SUSPICIOUS_MOVE = YES;
				CLANG_WARN_UNGUARDED_AVAILABILITY = YES_AGGRESSIVE;
				CLANG_WARN_UNREACHABLE_CODE = YES;
				CLANG_WARN__DUPLICATE_METHOD_MATCH = YES;
				COPY_PHASE_STRIP = NO;
				DEBUG_INFORMATION_FORMAT = dwarf;
				ENABLE_STRICT_OBJC_MSGSEND = YES;
				ENABLE_TESTABILITY = YES;
				GCC_C_LANGUAGE_STANDARD = gnu11;
				GCC_DYNAMIC_NO_PIC = NO;
				GCC_NO_COMMON_BLOCKS = YES;
				GCC_OPTIMIZATION_LEVEL = 0;
				GCC_PREPROCESSOR_DEFINITIONS = (
					"DEBUG=1",
					"$(inherited)",
				);
				GCC_WARN_64_TO_32_BIT_CONVERSION = YES;
				GCC_WARN_ABOUT_RETURN_TYPE = YES_ERROR;
				GCC_WARN_UNDECLARED_SELECTOR = YES;
				GCC_WARN_UNINITIALIZED_AUTOS = YES_AGGRESSIVE;
				GCC_WARN_UNUSED_FUNCTION = YES;
				GCC_WARN_UNUSED_VARIABLE = YES;
				IPHONEOS_DEPLOYMENT_TARGET = 13.4;
				MTL_ENABLE_DEBUG_INFO = INCLUDE_SOURCE;
				MTL_FAST_MATH = YES;
				ONLY_ACTIVE_ARCH = YES;
				SDKROOT = iphoneos;
				SWIFT_ACTIVE_COMPILATION_CONDITIONS = DEBUG;
				SWIFT_OPTIMIZATION_LEVEL = "-Onone";
			};
			name = Debug;
		};
		2CBF5717247FC4B80093A343 /* Release */ = {
			isa = XCBuildConfiguration;
			buildSettings = {
				ALWAYS_SEARCH_USER_PATHS = NO;
				CLANG_ANALYZER_NONNULL = YES;
				CLANG_ANALYZER_NUMBER_OBJECT_CONVERSION = YES_AGGRESSIVE;
				CLANG_CXX_LANGUAGE_STANDARD = "gnu++14";
				CLANG_CXX_LIBRARY = "libc++";
				CLANG_ENABLE_MODULES = YES;
				CLANG_ENABLE_OBJC_ARC = YES;
				CLANG_ENABLE_OBJC_WEAK = YES;
				CLANG_WARN_BLOCK_CAPTURE_AUTORELEASING = YES;
				CLANG_WARN_BOOL_CONVERSION = YES;
				CLANG_WARN_COMMA = YES;
				CLANG_WARN_CONSTANT_CONVERSION = YES;
				CLANG_WARN_DEPRECATED_OBJC_IMPLEMENTATIONS = YES;
				CLANG_WARN_DIRECT_OBJC_ISA_USAGE = YES_ERROR;
				CLANG_WARN_DOCUMENTATION_COMMENTS = YES;
				CLANG_WARN_EMPTY_BODY = YES;
				CLANG_WARN_ENUM_CONVERSION = YES;
				CLANG_WARN_INFINITE_RECURSION = YES;
				CLANG_WARN_INT_CONVERSION = YES;
				CLANG_WARN_NON_LITERAL_NULL_CONVERSION = YES;
				CLANG_WARN_OBJC_IMPLICIT_RETAIN_SELF = YES;
				CLANG_WARN_OBJC_LITERAL_CONVERSION = YES;
				CLANG_WARN_OBJC_ROOT_CLASS = YES_ERROR;
				CLANG_WARN_RANGE_LOOP_ANALYSIS = YES;
				CLANG_WARN_STRICT_PROTOTYPES = YES;
				CLANG_WARN_SUSPICIOUS_MOVE = YES;
				CLANG_WARN_UNGUARDED_AVAILABILITY = YES_AGGRESSIVE;
				CLANG_WARN_UNREACHABLE_CODE = YES;
				CLANG_WARN__DUPLICATE_METHOD_MATCH = YES;
				COPY_PHASE_STRIP = NO;
				DEBUG_INFORMATION_FORMAT = "dwarf-with-dsym";
				ENABLE_NS_ASSERTIONS = NO;
				ENABLE_STRICT_OBJC_MSGSEND = YES;
				GCC_C_LANGUAGE_STANDARD = gnu11;
				GCC_NO_COMMON_BLOCKS = YES;
				GCC_WARN_64_TO_32_BIT_CONVERSION = YES;
				GCC_WARN_ABOUT_RETURN_TYPE = YES_ERROR;
				GCC_WARN_UNDECLARED_SELECTOR = YES;
				GCC_WARN_UNINITIALIZED_AUTOS = YES_AGGRESSIVE;
				GCC_WARN_UNUSED_FUNCTION = YES;
				GCC_WARN_UNUSED_VARIABLE = YES;
				IPHONEOS_DEPLOYMENT_TARGET = 13.4;
				MTL_ENABLE_DEBUG_INFO = NO;
				MTL_FAST_MATH = YES;
				SDKROOT = iphoneos;
				SWIFT_COMPILATION_MODE = wholemodule;
				SWIFT_OPTIMIZATION_LEVEL = "-O";
				VALIDATE_PRODUCT = YES;
			};
			name = Release;
		};
		2CBF5719247FC4B80093A343 /* Debug */ = {
			isa = XCBuildConfiguration;
			buildSettings = {
				ASSETCATALOG_COMPILER_APPICON_NAME = AppIcon;
				CODE_SIGN_STYLE = Automatic;
				DEVELOPMENT_TEAM = 28PC42257L;
				INFOPLIST_FILE = gotMyFavorite/Info.plist;
				LD_RUNPATH_SEARCH_PATHS = (
					"$(inherited)",
					"@executable_path/Frameworks",
				);
				PRODUCT_BUNDLE_IDENTIFIER = kr.ac.knu.aomp420.ohaeori.gotMyFavorite;
				PRODUCT_NAME = "$(TARGET_NAME)";
				SWIFT_VERSION = 5.0;
				TARGETED_DEVICE_FAMILY = "1,2";
			};
			name = Debug;
		};
		2CBF571A247FC4B80093A343 /* Release */ = {
			isa = XCBuildConfiguration;
			buildSettings = {
				ASSETCATALOG_COMPILER_APPICON_NAME = AppIcon;
				CODE_SIGN_STYLE = Automatic;
				DEVELOPMENT_TEAM = 28PC42257L;
				INFOPLIST_FILE = gotMyFavorite/Info.plist;
				LD_RUNPATH_SEARCH_PATHS = (
					"$(inherited)",
					"@executable_path/Frameworks",
				);
				PRODUCT_BUNDLE_IDENTIFIER = kr.ac.knu.aomp420.ohaeori.gotMyFavorite;
				PRODUCT_NAME = "$(TARGET_NAME)";
				SWIFT_VERSION = 5.0;
				TARGETED_DEVICE_FAMILY = "1,2";
			};
			name = Release;
		};
/* End XCBuildConfiguration section */

/* Begin XCConfigurationList section */
		2CBF56FF247FC4B70093A343 /* Build configuration list for PBXProject "gotMyFavorite" */ = {
			isa = XCConfigurationList;
			buildConfigurations = (
				2CBF5716247FC4B80093A343 /* Debug */,
				2CBF5717247FC4B80093A343 /* Release */,
			);
			defaultConfigurationIsVisible = 0;
			defaultConfigurationName = Release;
		};
		2CBF5718247FC4B80093A343 /* Build configuration list for PBXNativeTarget "gotMyFavorite" */ = {
			isa = XCConfigurationList;
			buildConfigurations = (
				2CBF5719247FC4B80093A343 /* Debug */,
				2CBF571A247FC4B80093A343 /* Release */,
			);
			defaultConfigurationIsVisible = 0;
			defaultConfigurationName = Release;
		};
/* End XCConfigurationList section */
	};
	rootObject = 2CBF56FC247FC4B70093A343 /* Project object */;
}
